// !$*UTF8*$!
{
	archiveVersion = 1;
	classes = {
	};
	objectVersion = 46;
	objects = {

/* Begin PBXBuildFile section */
		6D283D361D4B062C00DB0E49 /* AllTipsViewController.swift in Sources */ = {isa = PBXBuildFile; fileRef = 6D283D351D4B062C00DB0E49 /* AllTipsViewController.swift */; };
		6D283D3F1D4B098200DB0E49 /* DJFont.m in Sources */ = {isa = PBXBuildFile; fileRef = 6D283D3C1D4B098200DB0E49 /* DJFont.m */; };
		6D283D401D4B098200DB0E49 /* UIColor+MOAdditions.m in Sources */ = {isa = PBXBuildFile; fileRef = 6D283D3E1D4B098200DB0E49 /* UIColor+MOAdditions.m */; };
		6D283D431D4B099C00DB0E49 /* UIView+Mozat.m in Sources */ = {isa = PBXBuildFile; fileRef = 6D283D421D4B099C00DB0E49 /* UIView+Mozat.m */; };
		6D283D5A1D4B0A1200DB0E49 /* DJCopyURLShareEntry.m in Sources */ = {isa = PBXBuildFile; fileRef = 6D283D461D4B0A1200DB0E49 /* DJCopyURLShareEntry.m */; };
		6D283D5B1D4B0A1200DB0E49 /* DJFBShareEntry.m in Sources */ = {isa = PBXBuildFile; fileRef = 6D283D481D4B0A1200DB0E49 /* DJFBShareEntry.m */; };
		6D283D5C1D4B0A1200DB0E49 /* DJInstagramShareEntry.m in Sources */ = {isa = PBXBuildFile; fileRef = 6D283D4A1D4B0A1200DB0E49 /* DJInstagramShareEntry.m */; };
		6D283D5D1D4B0A1200DB0E49 /* DJSaveImageShareEntry.m in Sources */ = {isa = PBXBuildFile; fileRef = 6D283D4E1D4B0A1200DB0E49 /* DJSaveImageShareEntry.m */; };
		6D283D5E1D4B0A1200DB0E49 /* DJShareEntry.m in Sources */ = {isa = PBXBuildFile; fileRef = 6D283D501D4B0A1200DB0E49 /* DJShareEntry.m */; };
		6D283D5F1D4B0A1200DB0E49 /* DJShareWindow.m in Sources */ = {isa = PBXBuildFile; fileRef = 6D283D521D4B0A1200DB0E49 /* DJShareWindow.m */; };
		6D283D601D4B0A1200DB0E49 /* DJTwitterShareEntry.m in Sources */ = {isa = PBXBuildFile; fileRef = 6D283D541D4B0A1200DB0E49 /* DJTwitterShareEntry.m */; };
		6D283D611D4B0A1200DB0E49 /* DJWhatsappEntry.m in Sources */ = {isa = PBXBuildFile; fileRef = 6D283D561D4B0A1200DB0E49 /* DJWhatsappEntry.m */; };
		6D283D621D4B0A1200DB0E49 /* DJWXShareEntry.m in Sources */ = {isa = PBXBuildFile; fileRef = 6D283D591D4B0A1200DB0E49 /* DJWXShareEntry.m */; };
		6D283D761D4B0ADD00DB0E49 /* MBProgressHUD+ShowTextHUD.m in Sources */ = {isa = PBXBuildFile; fileRef = 6D283D741D4B0ADD00DB0E49 /* MBProgressHUD+ShowTextHUD.m */; };
		6D283D771D4B0ADD00DB0E49 /* TutorialWindow.swift in Sources */ = {isa = PBXBuildFile; fileRef = 6D283D751D4B0ADD00DB0E49 /* TutorialWindow.swift */; };
		6D283D8D1D4B218000DB0E49 /* FBSDKCoreKit.framework in Frameworks */ = {isa = PBXBuildFile; fileRef = 6D283D7A1D4B218000DB0E49 /* FBSDKCoreKit.framework */; };
		6D283D8E1D4B218000DB0E49 /* FBSDKLoginKit.framework in Frameworks */ = {isa = PBXBuildFile; fileRef = 6D283D7B1D4B218000DB0E49 /* FBSDKLoginKit.framework */; };
		6D283D8F1D4B218000DB0E49 /* FBSDKShareKit.framework in Frameworks */ = {isa = PBXBuildFile; fileRef = 6D283D7C1D4B218000DB0E49 /* FBSDKShareKit.framework */; };
		6D283D901D4B218000DB0E49 /* LICENSE in Resources */ = {isa = PBXBuildFile; fileRef = 6D283D7E1D4B218000DB0E49 /* LICENSE */; };
		6D283D911D4B218000DB0E49 /* MBProgressHUD.m in Sources */ = {isa = PBXBuildFile; fileRef = 6D283D801D4B218000DB0E49 /* MBProgressHUD.m */; };
		6D283D921D4B218000DB0E49 /* README.mdown in Sources */ = {isa = PBXBuildFile; fileRef = 6D283D811D4B218000DB0E49 /* README.mdown */; };
		6D283D931D4B218000DB0E49 /* LICENCE.txt in Resources */ = {isa = PBXBuildFile; fileRef = 6D283D831D4B218000DB0E49 /* LICENCE.txt */; };
		6D283D941D4B218000DB0E49 /* Reachability.m in Sources */ = {isa = PBXBuildFile; fileRef = 6D283D851D4B218000DB0E49 /* Reachability.m */; };
		6D283D951D4B218000DB0E49 /* README.md in Sources */ = {isa = PBXBuildFile; fileRef = 6D283D861D4B218000DB0E49 /* README.md */; };
		6D283D961D4B218000DB0E49 /* libWeChatSDK.a in Frameworks */ = {isa = PBXBuildFile; fileRef = 6D283D881D4B218000DB0E49 /* libWeChatSDK.a */; };
		6D283D971D4B218000DB0E49 /* README.txt in Resources */ = {isa = PBXBuildFile; fileRef = 6D283D891D4B218000DB0E49 /* README.txt */; };
		6D283D9B1D4B221500DB0E49 /* DJAblumOperation.m in Sources */ = {isa = PBXBuildFile; fileRef = 6D283D9A1D4B221500DB0E49 /* DJAblumOperation.m */; };
		6D283DA21D4B2ABF00DB0E49 /* UITips.m in Sources */ = {isa = PBXBuildFile; fileRef = 6D283DA11D4B2ABF00DB0E49 /* UITips.m */; };
		6D283DA51D4B2B1600DB0E49 /* DJWarningBanner.m in Sources */ = {isa = PBXBuildFile; fileRef = 6D283DA41D4B2B1600DB0E49 /* DJWarningBanner.m */; };
		6D283DBB1D4B5D5800DB0E49 /* KeyboardMonitor.swift in Sources */ = {isa = PBXBuildFile; fileRef = 6D283DBA1D4B5D5800DB0E49 /* KeyboardMonitor.swift */; };
		6D283DBF1D4B5E6100DB0E49 /* DatabaseUtil.swift in Sources */ = {isa = PBXBuildFile; fileRef = 6D283DBD1D4B5E6100DB0E49 /* DatabaseUtil.swift */; };
		6D283DC01D4B5E6100DB0E49 /* BlockDatabase.swift in Sources */ = {isa = PBXBuildFile; fileRef = 6D283DBE1D4B5E6100DB0E49 /* BlockDatabase.swift */; };
		6D283DD01D4B5EAD00DB0E49 /* FMDatabase.m in Sources */ = {isa = PBXBuildFile; fileRef = 6D283DC31D4B5EAD00DB0E49 /* FMDatabase.m */; };
		6D283DD11D4B5EAD00DB0E49 /* FMDatabaseAdditions.m in Sources */ = {isa = PBXBuildFile; fileRef = 6D283DC51D4B5EAD00DB0E49 /* FMDatabaseAdditions.m */; };
		6D283DD21D4B5EAD00DB0E49 /* FMDatabasePool.m in Sources */ = {isa = PBXBuildFile; fileRef = 6D283DC71D4B5EAD00DB0E49 /* FMDatabasePool.m */; };
		6D283DD31D4B5EAD00DB0E49 /* FMDatabaseQueue.m in Sources */ = {isa = PBXBuildFile; fileRef = 6D283DC91D4B5EAD00DB0E49 /* FMDatabaseQueue.m */; };
		6D283DD41D4B5EAD00DB0E49 /* FMResultSet.m in Sources */ = {isa = PBXBuildFile; fileRef = 6D283DCC1D4B5EAD00DB0E49 /* FMResultSet.m */; };
		6D283DD51D4B5EAD00DB0E49 /* FMDatabaseAdditionsVariadic.swift in Sources */ = {isa = PBXBuildFile; fileRef = 6D283DCE1D4B5EAD00DB0E49 /* FMDatabaseAdditionsVariadic.swift */; };
		6D283DD61D4B5EAD00DB0E49 /* FMDatabaseVariadic.swift in Sources */ = {isa = PBXBuildFile; fileRef = 6D283DCF1D4B5EAD00DB0E49 /* FMDatabaseVariadic.swift */; };
		6D283E941D4F26D700DB0E49 /* PhotoBrowser+Common.swift in Sources */ = {isa = PBXBuildFile; fileRef = 6D283E841D4F26D700DB0E49 /* PhotoBrowser+Common.swift */; };
		6D283E951D4F26D700DB0E49 /* PhotoBrowser+HUD.swift in Sources */ = {isa = PBXBuildFile; fileRef = 6D283E861D4F26D700DB0E49 /* PhotoBrowser+HUD.swift */; };
		6D283E961D4F26D700DB0E49 /* PhotoBrowser+Indicator.swift in Sources */ = {isa = PBXBuildFile; fileRef = 6D283E871D4F26D700DB0E49 /* PhotoBrowser+Indicator.swift */; };
		6D283E971D4F26D700DB0E49 /* PhotoBrowser+PBType.swift in Sources */ = {isa = PBXBuildFile; fileRef = 6D283E881D4F26D700DB0E49 /* PhotoBrowser+PBType.swift */; };
		6D283E981D4F26D700DB0E49 /* Layout.swift in Sources */ = {isa = PBXBuildFile; fileRef = 6D283E8A1D4F26D700DB0E49 /* Layout.swift */; };
		6D283E991D4F26D700DB0E49 /* PhotoBrowser+Model.swift in Sources */ = {isa = PBXBuildFile; fileRef = 6D283E8C1D4F26D700DB0E49 /* PhotoBrowser+Model.swift */; };
		6D283E9A1D4F26D700DB0E49 /* PhotoBrowser.swift in Sources */ = {isa = PBXBuildFile; fileRef = 6D283E8D1D4F26D700DB0E49 /* PhotoBrowser.swift */; };
		6D283E9B1D4F26D700DB0E49 /* CollectionView.swift in Sources */ = {isa = PBXBuildFile; fileRef = 6D283E8F1D4F26D700DB0E49 /* CollectionView.swift */; };
		6D283E9C1D4F26D700DB0E49 /* DisplayView.swift in Sources */ = {isa = PBXBuildFile; fileRef = 6D283E901D4F26D700DB0E49 /* DisplayView.swift */; };
		6D283E9D1D4F26D700DB0E49 /* ItemCell.swift in Sources */ = {isa = PBXBuildFile; fileRef = 6D283E911D4F26D700DB0E49 /* ItemCell.swift */; };
		6D283E9E1D4F26D700DB0E49 /* ItemCell.xib in Resources */ = {isa = PBXBuildFile; fileRef = 6D283E921D4F26D700DB0E49 /* ItemCell.xib */; };
		6D283E9F1D4F26D700DB0E49 /* ShowImageView.swift in Sources */ = {isa = PBXBuildFile; fileRef = 6D283E931D4F26D700DB0E49 /* ShowImageView.swift */; };
		6D283EF31D4F285100DB0E49 /* CFSnapKit.swift in Sources */ = {isa = PBXBuildFile; fileRef = 6D283EBF1D4F285100DB0E49 /* CFSnapKit.swift */; };
		6D283EF41D4F285100DB0E49 /* Constraint.swift in Sources */ = {isa = PBXBuildFile; fileRef = 6D283EC11D4F285100DB0E49 /* Constraint.swift */; };
		6D283EF51D4F285100DB0E49 /* ConstraintAttributes.swift in Sources */ = {isa = PBXBuildFile; fileRef = 6D283EC21D4F285100DB0E49 /* ConstraintAttributes.swift */; };
		6D283EF61D4F285100DB0E49 /* ConstraintDescription.swift in Sources */ = {isa = PBXBuildFile; fileRef = 6D283EC31D4F285100DB0E49 /* ConstraintDescription.swift */; };
		6D283EF71D4F285100DB0E49 /* ConstraintItem.swift in Sources */ = {isa = PBXBuildFile; fileRef = 6D283EC41D4F285100DB0E49 /* ConstraintItem.swift */; };
		6D283EF81D4F285100DB0E49 /* ConstraintMaker.swift in Sources */ = {isa = PBXBuildFile; fileRef = 6D283EC51D4F285100DB0E49 /* ConstraintMaker.swift */; };
		6D283EF91D4F285100DB0E49 /* ConstraintRelation.swift in Sources */ = {isa = PBXBuildFile; fileRef = 6D283EC61D4F285100DB0E49 /* ConstraintRelation.swift */; };
		6D283EFA1D4F285100DB0E49 /* Debugging.swift in Sources */ = {isa = PBXBuildFile; fileRef = 6D283EC71D4F285100DB0E49 /* Debugging.swift */; };
		6D283EFB1D4F285100DB0E49 /* EdgeInsets.swift in Sources */ = {isa = PBXBuildFile; fileRef = 6D283EC81D4F285100DB0E49 /* EdgeInsets.swift */; };
		6D283EFC1D4F285100DB0E49 /* LayoutConstraint.swift in Sources */ = {isa = PBXBuildFile; fileRef = 6D283EC91D4F285100DB0E49 /* LayoutConstraint.swift */; };
		6D283EFD1D4F285100DB0E49 /* SnapKit.swift in Sources */ = {isa = PBXBuildFile; fileRef = 6D283ECB1D4F285100DB0E49 /* SnapKit.swift */; };
		6D283EFE1D4F285100DB0E49 /* SourceLocation.swift in Sources */ = {isa = PBXBuildFile; fileRef = 6D283ECC1D4F285100DB0E49 /* SourceLocation.swift */; };
		6D283EFF1D4F285100DB0E49 /* View+SnapKit.swift in Sources */ = {isa = PBXBuildFile; fileRef = 6D283ECD1D4F285100DB0E49 /* View+SnapKit.swift */; };
		6D283F001D4F285100DB0E49 /* ViewController+SnapKit.swift in Sources */ = {isa = PBXBuildFile; fileRef = 6D283ECE1D4F285100DB0E49 /* ViewController+SnapKit.swift */; };
		6D283F011D4F285100DB0E49 /* NVActivityIndicatorAnimationBallBeat.swift in Sources */ = {isa = PBXBuildFile; fileRef = 6D283ED11D4F285100DB0E49 /* NVActivityIndicatorAnimationBallBeat.swift */; };
		6D283F021D4F285100DB0E49 /* NVActivityIndicatorAnimationBallClipRotate.swift in Sources */ = {isa = PBXBuildFile; fileRef = 6D283ED21D4F285100DB0E49 /* NVActivityIndicatorAnimationBallClipRotate.swift */; };
		6D283F031D4F285100DB0E49 /* NVActivityIndicatorAnimationBallClipRotateMultiple.swift in Sources */ = {isa = PBXBuildFile; fileRef = 6D283ED31D4F285100DB0E49 /* NVActivityIndicatorAnimationBallClipRotateMultiple.swift */; };
		6D283F041D4F285100DB0E49 /* NVActivityIndicatorAnimationBallClipRotatePulse.swift in Sources */ = {isa = PBXBuildFile; fileRef = 6D283ED41D4F285100DB0E49 /* NVActivityIndicatorAnimationBallClipRotatePulse.swift */; };
		6D283F051D4F285100DB0E49 /* NVActivityIndicatorAnimationBallGridBeat.swift in Sources */ = {isa = PBXBuildFile; fileRef = 6D283ED51D4F285100DB0E49 /* NVActivityIndicatorAnimationBallGridBeat.swift */; };
		6D283F061D4F285100DB0E49 /* NVActivityIndicatorAnimationBallGridPulse.swift in Sources */ = {isa = PBXBuildFile; fileRef = 6D283ED61D4F285100DB0E49 /* NVActivityIndicatorAnimationBallGridPulse.swift */; };
		6D283F071D4F285100DB0E49 /* NVActivityIndicatorAnimationBallPulse.swift in Sources */ = {isa = PBXBuildFile; fileRef = 6D283ED71D4F285100DB0E49 /* NVActivityIndicatorAnimationBallPulse.swift */; };
		6D283F081D4F285100DB0E49 /* NVActivityIndicatorAnimationBallPulseRise.swift in Sources */ = {isa = PBXBuildFile; fileRef = 6D283ED81D4F285100DB0E49 /* NVActivityIndicatorAnimationBallPulseRise.swift */; };
		6D283F091D4F285100DB0E49 /* NVActivityIndicatorAnimationBallPulseSync.swift in Sources */ = {isa = PBXBuildFile; fileRef = 6D283ED91D4F285100DB0E49 /* NVActivityIndicatorAnimationBallPulseSync.swift */; };
		6D283F0A1D4F285100DB0E49 /* NVActivityIndicatorAnimationBallRotate.swift in Sources */ = {isa = PBXBuildFile; fileRef = 6D283EDA1D4F285100DB0E49 /* NVActivityIndicatorAnimationBallRotate.swift */; };
		6D283F0B1D4F285100DB0E49 /* NVActivityIndicatorAnimationBallRotateChase.swift in Sources */ = {isa = PBXBuildFile; fileRef = 6D283EDB1D4F285100DB0E49 /* NVActivityIndicatorAnimationBallRotateChase.swift */; };
		6D283F0C1D4F285100DB0E49 /* NVActivityIndicatorAnimationBallScale.swift in Sources */ = {isa = PBXBuildFile; fileRef = 6D283EDC1D4F285100DB0E49 /* NVActivityIndicatorAnimationBallScale.swift */; };
		6D283F0D1D4F285100DB0E49 /* NVActivityIndicatorAnimationBallScaleMultiple.swift in Sources */ = {isa = PBXBuildFile; fileRef = 6D283EDD1D4F285100DB0E49 /* NVActivityIndicatorAnimationBallScaleMultiple.swift */; };
		6D283F0E1D4F285100DB0E49 /* NVActivityIndicatorAnimationBallScaleRipple.swift in Sources */ = {isa = PBXBuildFile; fileRef = 6D283EDE1D4F285100DB0E49 /* NVActivityIndicatorAnimationBallScaleRipple.swift */; };
		6D283F0F1D4F285100DB0E49 /* NVActivityIndicatorAnimationBallScaleRippleMultiple.swift in Sources */ = {isa = PBXBuildFile; fileRef = 6D283EDF1D4F285100DB0E49 /* NVActivityIndicatorAnimationBallScaleRippleMultiple.swift */; };
		6D283F101D4F285100DB0E49 /* NVActivityIndicatorAnimationBallSpinFadeLoader.swift in Sources */ = {isa = PBXBuildFile; fileRef = 6D283EE01D4F285100DB0E49 /* NVActivityIndicatorAnimationBallSpinFadeLoader.swift */; };
		6D283F111D4F285100DB0E49 /* NVActivityIndicatorAnimationBallTrianglePath.swift in Sources */ = {isa = PBXBuildFile; fileRef = 6D283EE11D4F285100DB0E49 /* NVActivityIndicatorAnimationBallTrianglePath.swift */; };
		6D283F121D4F285100DB0E49 /* NVActivityIndicatorAnimationBallZigZag.swift in Sources */ = {isa = PBXBuildFile; fileRef = 6D283EE21D4F285100DB0E49 /* NVActivityIndicatorAnimationBallZigZag.swift */; };
		6D283F131D4F285100DB0E49 /* NVActivityIndicatorAnimationBallZigZagDeflect.swift in Sources */ = {isa = PBXBuildFile; fileRef = 6D283EE31D4F285100DB0E49 /* NVActivityIndicatorAnimationBallZigZagDeflect.swift */; };
		6D283F141D4F285100DB0E49 /* NVActivityIndicatorAnimationBlank.swift in Sources */ = {isa = PBXBuildFile; fileRef = 6D283EE41D4F285100DB0E49 /* NVActivityIndicatorAnimationBlank.swift */; };
		6D283F151D4F285100DB0E49 /* NVActivityIndicatorAnimationCubeTransition.swift in Sources */ = {isa = PBXBuildFile; fileRef = 6D283EE51D4F285100DB0E49 /* NVActivityIndicatorAnimationCubeTransition.swift */; };
		6D283F161D4F285100DB0E49 /* NVActivityIndicatorAnimationLineScale.swift in Sources */ = {isa = PBXBuildFile; fileRef = 6D283EE61D4F285100DB0E49 /* NVActivityIndicatorAnimationLineScale.swift */; };
		6D283F171D4F285100DB0E49 /* NVActivityIndicatorAnimationLineScaleParty.swift in Sources */ = {isa = PBXBuildFile; fileRef = 6D283EE71D4F285100DB0E49 /* NVActivityIndicatorAnimationLineScaleParty.swift */; };
		6D283F181D4F285100DB0E49 /* NVActivityIndicatorAnimationLineScalePulseOut.swift in Sources */ = {isa = PBXBuildFile; fileRef = 6D283EE81D4F285100DB0E49 /* NVActivityIndicatorAnimationLineScalePulseOut.swift */; };
		6D283F191D4F285100DB0E49 /* NVActivityIndicatorAnimationLineScalePulseOutRapid.swift in Sources */ = {isa = PBXBuildFile; fileRef = 6D283EE91D4F285100DB0E49 /* NVActivityIndicatorAnimationLineScalePulseOutRapid.swift */; };
		6D283F1A1D4F285100DB0E49 /* NVActivityIndicatorAnimationLineSpinFadeLoader.swift in Sources */ = {isa = PBXBuildFile; fileRef = 6D283EEA1D4F285100DB0E49 /* NVActivityIndicatorAnimationLineSpinFadeLoader.swift */; };
		6D283F1B1D4F285100DB0E49 /* NVActivityIndicatorAnimationPacman.swift in Sources */ = {isa = PBXBuildFile; fileRef = 6D283EEB1D4F285100DB0E49 /* NVActivityIndicatorAnimationPacman.swift */; };
		6D283F1C1D4F285100DB0E49 /* NVActivityIndicatorAnimationSemiCircleSpin.swift in Sources */ = {isa = PBXBuildFile; fileRef = 6D283EEC1D4F285100DB0E49 /* NVActivityIndicatorAnimationSemiCircleSpin.swift */; };
		6D283F1D1D4F285100DB0E49 /* NVActivityIndicatorAnimationSquareSpin.swift in Sources */ = {isa = PBXBuildFile; fileRef = 6D283EED1D4F285100DB0E49 /* NVActivityIndicatorAnimationSquareSpin.swift */; };
		6D283F1E1D4F285100DB0E49 /* NVActivityIndicatorAnimationTriangleSkewSpin.swift in Sources */ = {isa = PBXBuildFile; fileRef = 6D283EEE1D4F285100DB0E49 /* NVActivityIndicatorAnimationTriangleSkewSpin.swift */; };
		6D283F1F1D4F285100DB0E49 /* NVActivityIndicatorAnimationDelegate.swift in Sources */ = {isa = PBXBuildFile; fileRef = 6D283EEF1D4F285100DB0E49 /* NVActivityIndicatorAnimationDelegate.swift */; };
		6D283F201D4F285100DB0E49 /* NVActivityIndicatorShape.swift in Sources */ = {isa = PBXBuildFile; fileRef = 6D283EF01D4F285100DB0E49 /* NVActivityIndicatorShape.swift */; };
		6D283F211D4F285100DB0E49 /* NVActivityIndicatorView.swift in Sources */ = {isa = PBXBuildFile; fileRef = 6D283EF21D4F285100DB0E49 /* NVActivityIndicatorView.swift */; };
		6D283F891D4F32CC00DB0E49 /* DropMenuView.swift in Sources */ = {isa = PBXBuildFile; fileRef = 6D283F881D4F32CC00DB0E49 /* DropMenuView.swift */; };
		6D283F8E1D4F569E00DB0E49 /* DJRefreshView.m in Sources */ = {isa = PBXBuildFile; fileRef = 6D283F8C1D4F569E00DB0E49 /* DJRefreshView.m */; };
		6D283F931D50375E00DB0E49 /* UIView+DJAnimation.m in Sources */ = {isa = PBXBuildFile; fileRef = 6D283F921D50375E00DB0E49 /* UIView+DJAnimation.m */; };
		6D283F951D50381200DB0E49 /* WaterfallCollectionView.swift in Sources */ = {isa = PBXBuildFile; fileRef = 6D283F941D50381200DB0E49 /* WaterfallCollectionView.swift */; };
		6D283F9D1D506F3D00DB0E49 /* CHTCollectionViewWaterfallLayout.m in Sources */ = {isa = PBXBuildFile; fileRef = 6D283F9A1D506F3D00DB0E49 /* CHTCollectionViewWaterfallLayout.m */; };
		6D283F9E1D506F3D00DB0E49 /* LICENSE in Resources */ = {isa = PBXBuildFile; fileRef = 6D283F9B1D506F3D00DB0E49 /* LICENSE */; };
		6D283F9F1D506F3D00DB0E49 /* README.md in Sources */ = {isa = PBXBuildFile; fileRef = 6D283F9C1D506F3D00DB0E49 /* README.md */; };
		6D283FA11D506FB800DB0E49 /* ViewExtensions.swift in Sources */ = {isa = PBXBuildFile; fileRef = 6D283FA01D506FB800DB0E49 /* ViewExtensions.swift */; };
		6D283FA51D508D9900DB0E49 /* CollectionViewController.swift in Sources */ = {isa = PBXBuildFile; fileRef = 6D283FA41D508D9900DB0E49 /* CollectionViewController.swift */; };
		6D43FE0A1D51FC49008A1FC7 /* DJReminderBannerView.m in Sources */ = {isa = PBXBuildFile; fileRef = 6D43FE091D51FC49008A1FC7 /* DJReminderBannerView.m */; };
		6D43FE101D52DB24008A1FC7 /* DJRangeSilderView.swift in Sources */ = {isa = PBXBuildFile; fileRef = 6D43FE0F1D52DB24008A1FC7 /* DJRangeSilderView.swift */; };
		6D43FE171D52E0A8008A1FC7 /* DJAlertView.m in Sources */ = {isa = PBXBuildFile; fileRef = 6D43FE141D52E0A8008A1FC7 /* DJAlertView.m */; };
		6D43FE181D52E0A8008A1FC7 /* DJAlertView+Block.m in Sources */ = {isa = PBXBuildFile; fileRef = 6D43FE161D52E0A8008A1FC7 /* DJAlertView+Block.m */; };
		6D43FE1B1D52E188008A1FC7 /* UIImage+Mozat.m in Sources */ = {isa = PBXBuildFile; fileRef = 6D43FE1A1D52E188008A1FC7 /* UIImage+Mozat.m */; };
		6D43FE2D1D52ED06008A1FC7 /* CALayer+Mozat.m in Sources */ = {isa = PBXBuildFile; fileRef = 6D43FE261D52ED06008A1FC7 /* CALayer+Mozat.m */; };
		6D43FE2E1D52ED06008A1FC7 /* UIBarButtonItem+HighlightImage.m in Sources */ = {isa = PBXBuildFile; fileRef = 6D43FE281D52ED06008A1FC7 /* UIBarButtonItem+HighlightImage.m */; };
		6D43FE2F1D52ED06008A1FC7 /* UIFont+MOAdditions.m in Sources */ = {isa = PBXBuildFile; fileRef = 6D43FE2A1D52ED06008A1FC7 /* UIFont+MOAdditions.m */; };
		6D43FE301D52ED06008A1FC7 /* UIImage+Alpha.swift in Sources */ = {isa = PBXBuildFile; fileRef = 6D43FE2B1D52ED06008A1FC7 /* UIImage+Alpha.swift */; };
		6D43FE311D52ED06008A1FC7 /* UILabel+FormattedText.swift in Sources */ = {isa = PBXBuildFile; fileRef = 6D43FE2C1D52ED06008A1FC7 /* UILabel+FormattedText.swift */; };
		6D43FE341D52EE65008A1FC7 /* DJTutorialView.m in Sources */ = {isa = PBXBuildFile; fileRef = 6D43FE331D52EE65008A1FC7 /* DJTutorialView.m */; };
		6D43FE391D52F4C6008A1FC7 /* ScrollableBannerView.swift in Sources */ = {isa = PBXBuildFile; fileRef = 6D43FE381D52F4C6008A1FC7 /* ScrollableBannerView.swift */; };
		6D43FE3D1D52FB08008A1FC7 /* ScrollableCategoryView.swift in Sources */ = {isa = PBXBuildFile; fileRef = 6D43FE3C1D52FB08008A1FC7 /* ScrollableCategoryView.swift */; };
		6D7A63C61D49EAF7008773AB /* main.m in Sources */ = {isa = PBXBuildFile; fileRef = 6D7A63C51D49EAF7008773AB /* main.m */; };
		6D7A63C91D49EAF7008773AB /* AppDelegate.m in Sources */ = {isa = PBXBuildFile; fileRef = 6D7A63C81D49EAF7008773AB /* AppDelegate.m */; };
		6D7A63CF1D49EAF7008773AB /* Main.storyboard in Resources */ = {isa = PBXBuildFile; fileRef = 6D7A63CD1D49EAF7008773AB /* Main.storyboard */; };
		6D7A63D11D49EAF7008773AB /* Assets.xcassets in Resources */ = {isa = PBXBuildFile; fileRef = 6D7A63D01D49EAF7008773AB /* Assets.xcassets */; };
		6D7A63D41D49EAF7008773AB /* LaunchScreen.storyboard in Resources */ = {isa = PBXBuildFile; fileRef = 6D7A63D21D49EAF7008773AB /* LaunchScreen.storyboard */; };
		6D7A64001D49F73E008773AB /* MainViewController.swift in Sources */ = {isa = PBXBuildFile; fileRef = 6D7A63FF1D49F73E008773AB /* MainViewController.swift */; };
		6D7A649D1D4A05D5008773AB /* CoreTelephony.framework in Frameworks */ = {isa = PBXBuildFile; fileRef = 6D7A649C1D4A05D5008773AB /* CoreTelephony.framework */; };
		6D7A649F1D4A060D008773AB /* libsqlite3.tbd in Frameworks */ = {isa = PBXBuildFile; fileRef = 6D7A649E1D4A060D008773AB /* libsqlite3.tbd */; };
		6D7A64A11D4A0677008773AB /* libc++.tbd in Frameworks */ = {isa = PBXBuildFile; fileRef = 6D7A64A01D4A0677008773AB /* libc++.tbd */; };
		6D7A64A31D4A067E008773AB /* libz.tbd in Frameworks */ = {isa = PBXBuildFile; fileRef = 6D7A64A21D4A067E008773AB /* libz.tbd */; };
		6D7A64A51D4A0685008773AB /* SystemConfiguration.framework in Frameworks */ = {isa = PBXBuildFile; fileRef = 6D7A64A41D4A0685008773AB /* SystemConfiguration.framework */; };
		6D7A64AB1D4A09E4008773AB /* NSString+Mozat.m in Sources */ = {isa = PBXBuildFile; fileRef = 6D7A64AA1D4A09E4008773AB /* NSString+Mozat.m */; };
		6D7A64AE1D4A0A23008773AB /* UIApplication+Mozat.m in Sources */ = {isa = PBXBuildFile; fileRef = 6D7A64AD1D4A0A23008773AB /* UIApplication+Mozat.m */; };
		FE7E1F17F2A20EA467AE6CDA /* Pods_UITools.framework in Frameworks */ = {isa = PBXBuildFile; fileRef = DCFDCCEF1F11AAE16181C286 /* Pods_UITools.framework */; };
/* End PBXBuildFile section */

/* Begin PBXFileReference section */
		6D283D351D4B062C00DB0E49 /* AllTipsViewController.swift */ = {isa = PBXFileReference; fileEncoding = 4; lastKnownFileType = sourcecode.swift; path = AllTipsViewController.swift; sourceTree = "<group>"; };
		6D283D3B1D4B098200DB0E49 /* DJFont.h */ = {isa = PBXFileReference; fileEncoding = 4; lastKnownFileType = sourcecode.c.h; path = DJFont.h; sourceTree = "<group>"; };
		6D283D3C1D4B098200DB0E49 /* DJFont.m */ = {isa = PBXFileReference; fileEncoding = 4; lastKnownFileType = sourcecode.c.objc; path = DJFont.m; sourceTree = "<group>"; };
		6D283D3D1D4B098200DB0E49 /* UIColor+MOAdditions.h */ = {isa = PBXFileReference; fileEncoding = 4; lastKnownFileType = sourcecode.c.h; path = "UIColor+MOAdditions.h"; sourceTree = "<group>"; };
		6D283D3E1D4B098200DB0E49 /* UIColor+MOAdditions.m */ = {isa = PBXFileReference; fileEncoding = 4; lastKnownFileType = sourcecode.c.objc; path = "UIColor+MOAdditions.m"; sourceTree = "<group>"; };
		6D283D411D4B099C00DB0E49 /* UIView+Mozat.h */ = {isa = PBXFileReference; fileEncoding = 4; lastKnownFileType = sourcecode.c.h; path = "UIView+Mozat.h"; sourceTree = "<group>"; };
		6D283D421D4B099C00DB0E49 /* UIView+Mozat.m */ = {isa = PBXFileReference; fileEncoding = 4; lastKnownFileType = sourcecode.c.objc; path = "UIView+Mozat.m"; sourceTree = "<group>"; };
		6D283D451D4B0A1200DB0E49 /* DJCopyURLShareEntry.h */ = {isa = PBXFileReference; fileEncoding = 4; lastKnownFileType = sourcecode.c.h; path = DJCopyURLShareEntry.h; sourceTree = "<group>"; };
		6D283D461D4B0A1200DB0E49 /* DJCopyURLShareEntry.m */ = {isa = PBXFileReference; fileEncoding = 4; lastKnownFileType = sourcecode.c.objc; path = DJCopyURLShareEntry.m; sourceTree = "<group>"; };
		6D283D471D4B0A1200DB0E49 /* DJFBShareEntry.h */ = {isa = PBXFileReference; fileEncoding = 4; lastKnownFileType = sourcecode.c.h; path = DJFBShareEntry.h; sourceTree = "<group>"; };
		6D283D481D4B0A1200DB0E49 /* DJFBShareEntry.m */ = {isa = PBXFileReference; fileEncoding = 4; lastKnownFileType = sourcecode.c.objc; path = DJFBShareEntry.m; sourceTree = "<group>"; };
		6D283D491D4B0A1200DB0E49 /* DJInstagramShareEntry.h */ = {isa = PBXFileReference; fileEncoding = 4; lastKnownFileType = sourcecode.c.h; path = DJInstagramShareEntry.h; sourceTree = "<group>"; };
		6D283D4A1D4B0A1200DB0E49 /* DJInstagramShareEntry.m */ = {isa = PBXFileReference; fileEncoding = 4; lastKnownFileType = sourcecode.c.objc; path = DJInstagramShareEntry.m; sourceTree = "<group>"; };
		6D283D4B1D4B0A1200DB0E49 /* DJMessageEntry.h */ = {isa = PBXFileReference; fileEncoding = 4; lastKnownFileType = sourcecode.c.h; path = DJMessageEntry.h; sourceTree = "<group>"; };
		6D283D4C1D4B0A1200DB0E49 /* DJSaveImageEntry.h */ = {isa = PBXFileReference; fileEncoding = 4; lastKnownFileType = sourcecode.c.h; path = DJSaveImageEntry.h; sourceTree = "<group>"; };
		6D283D4D1D4B0A1200DB0E49 /* DJSaveImageShareEntry.h */ = {isa = PBXFileReference; fileEncoding = 4; lastKnownFileType = sourcecode.c.h; path = DJSaveImageShareEntry.h; sourceTree = "<group>"; };
		6D283D4E1D4B0A1200DB0E49 /* DJSaveImageShareEntry.m */ = {isa = PBXFileReference; fileEncoding = 4; lastKnownFileType = sourcecode.c.objc; path = DJSaveImageShareEntry.m; sourceTree = "<group>"; };
		6D283D4F1D4B0A1200DB0E49 /* DJShareEntry.h */ = {isa = PBXFileReference; fileEncoding = 4; lastKnownFileType = sourcecode.c.h; path = DJShareEntry.h; sourceTree = "<group>"; };
		6D283D501D4B0A1200DB0E49 /* DJShareEntry.m */ = {isa = PBXFileReference; fileEncoding = 4; lastKnownFileType = sourcecode.c.objc; path = DJShareEntry.m; sourceTree = "<group>"; };
		6D283D511D4B0A1200DB0E49 /* DJShareWindow.h */ = {isa = PBXFileReference; fileEncoding = 4; lastKnownFileType = sourcecode.c.h; path = DJShareWindow.h; sourceTree = "<group>"; };
		6D283D521D4B0A1200DB0E49 /* DJShareWindow.m */ = {isa = PBXFileReference; fileEncoding = 4; lastKnownFileType = sourcecode.c.objc; path = DJShareWindow.m; sourceTree = "<group>"; };
		6D283D531D4B0A1200DB0E49 /* DJTwitterShareEntry.h */ = {isa = PBXFileReference; fileEncoding = 4; lastKnownFileType = sourcecode.c.h; path = DJTwitterShareEntry.h; sourceTree = "<group>"; };
		6D283D541D4B0A1200DB0E49 /* DJTwitterShareEntry.m */ = {isa = PBXFileReference; fileEncoding = 4; lastKnownFileType = sourcecode.c.objc; path = DJTwitterShareEntry.m; sourceTree = "<group>"; };
		6D283D551D4B0A1200DB0E49 /* DJWhatsappEntry.h */ = {isa = PBXFileReference; fileEncoding = 4; lastKnownFileType = sourcecode.c.h; path = DJWhatsappEntry.h; sourceTree = "<group>"; };
		6D283D561D4B0A1200DB0E49 /* DJWhatsappEntry.m */ = {isa = PBXFileReference; fileEncoding = 4; lastKnownFileType = sourcecode.c.objc; path = DJWhatsappEntry.m; sourceTree = "<group>"; };
		6D283D571D4B0A1200DB0E49 /* DJWXChatEntry.h */ = {isa = PBXFileReference; fileEncoding = 4; lastKnownFileType = sourcecode.c.h; path = DJWXChatEntry.h; sourceTree = "<group>"; };
		6D283D581D4B0A1200DB0E49 /* DJWXShareEntry.h */ = {isa = PBXFileReference; fileEncoding = 4; lastKnownFileType = sourcecode.c.h; path = DJWXShareEntry.h; sourceTree = "<group>"; };
		6D283D591D4B0A1200DB0E49 /* DJWXShareEntry.m */ = {isa = PBXFileReference; fileEncoding = 4; lastKnownFileType = sourcecode.c.objc; path = DJWXShareEntry.m; sourceTree = "<group>"; };
		6D283D731D4B0ADD00DB0E49 /* MBProgressHUD+ShowTextHUD.h */ = {isa = PBXFileReference; fileEncoding = 4; lastKnownFileType = sourcecode.c.h; path = "MBProgressHUD+ShowTextHUD.h"; sourceTree = "<group>"; };
		6D283D741D4B0ADD00DB0E49 /* MBProgressHUD+ShowTextHUD.m */ = {isa = PBXFileReference; fileEncoding = 4; lastKnownFileType = sourcecode.c.objc; path = "MBProgressHUD+ShowTextHUD.m"; sourceTree = "<group>"; };
		6D283D751D4B0ADD00DB0E49 /* TutorialWindow.swift */ = {isa = PBXFileReference; fileEncoding = 4; lastKnownFileType = sourcecode.swift; path = TutorialWindow.swift; sourceTree = "<group>"; };
		6D283D7A1D4B218000DB0E49 /* FBSDKCoreKit.framework */ = {isa = PBXFileReference; lastKnownFileType = wrapper.framework; path = FBSDKCoreKit.framework; sourceTree = "<group>"; };
		6D283D7B1D4B218000DB0E49 /* FBSDKLoginKit.framework */ = {isa = PBXFileReference; lastKnownFileType = wrapper.framework; path = FBSDKLoginKit.framework; sourceTree = "<group>"; };
		6D283D7C1D4B218000DB0E49 /* FBSDKShareKit.framework */ = {isa = PBXFileReference; lastKnownFileType = wrapper.framework; path = FBSDKShareKit.framework; sourceTree = "<group>"; };
		6D283D7E1D4B218000DB0E49 /* LICENSE */ = {isa = PBXFileReference; fileEncoding = 4; lastKnownFileType = text; path = LICENSE; sourceTree = "<group>"; };
		6D283D7F1D4B218000DB0E49 /* MBProgressHUD.h */ = {isa = PBXFileReference; fileEncoding = 4; lastKnownFileType = sourcecode.c.h; path = MBProgressHUD.h; sourceTree = "<group>"; };
		6D283D801D4B218000DB0E49 /* MBProgressHUD.m */ = {isa = PBXFileReference; fileEncoding = 4; lastKnownFileType = sourcecode.c.objc; path = MBProgressHUD.m; sourceTree = "<group>"; };
		6D283D811D4B218000DB0E49 /* README.mdown */ = {isa = PBXFileReference; fileEncoding = 4; lastKnownFileType = net.daringfireball.markdown; path = README.mdown; sourceTree = "<group>"; };
		6D283D831D4B218000DB0E49 /* LICENCE.txt */ = {isa = PBXFileReference; fileEncoding = 4; lastKnownFileType = text; path = LICENCE.txt; sourceTree = "<group>"; };
		6D283D841D4B218000DB0E49 /* Reachability.h */ = {isa = PBXFileReference; fileEncoding = 4; lastKnownFileType = sourcecode.c.h; path = Reachability.h; sourceTree = "<group>"; };
		6D283D851D4B218000DB0E49 /* Reachability.m */ = {isa = PBXFileReference; fileEncoding = 4; lastKnownFileType = sourcecode.c.objc; path = Reachability.m; sourceTree = "<group>"; };
		6D283D861D4B218000DB0E49 /* README.md */ = {isa = PBXFileReference; fileEncoding = 4; lastKnownFileType = net.daringfireball.markdown; path = README.md; sourceTree = "<group>"; };
		6D283D881D4B218000DB0E49 /* libWeChatSDK.a */ = {isa = PBXFileReference; lastKnownFileType = archive.ar; path = libWeChatSDK.a; sourceTree = "<group>"; };
		6D283D891D4B218000DB0E49 /* README.txt */ = {isa = PBXFileReference; fileEncoding = 4; lastKnownFileType = text; path = README.txt; sourceTree = "<group>"; };
		6D283D8A1D4B218000DB0E49 /* WechatAuthSDK.h */ = {isa = PBXFileReference; fileEncoding = 4; lastKnownFileType = sourcecode.c.h; path = WechatAuthSDK.h; sourceTree = "<group>"; };
		6D283D8B1D4B218000DB0E49 /* WXApi.h */ = {isa = PBXFileReference; fileEncoding = 4; lastKnownFileType = sourcecode.c.h; path = WXApi.h; sourceTree = "<group>"; };
		6D283D8C1D4B218000DB0E49 /* WXApiObject.h */ = {isa = PBXFileReference; fileEncoding = 4; lastKnownFileType = sourcecode.c.h; path = WXApiObject.h; sourceTree = "<group>"; };
		6D283D991D4B221500DB0E49 /* DJAblumOperation.h */ = {isa = PBXFileReference; fileEncoding = 4; lastKnownFileType = sourcecode.c.h; path = DJAblumOperation.h; sourceTree = "<group>"; };
		6D283D9A1D4B221500DB0E49 /* DJAblumOperation.m */ = {isa = PBXFileReference; fileEncoding = 4; lastKnownFileType = sourcecode.c.objc; path = DJAblumOperation.m; sourceTree = "<group>"; };
		6D283DA01D4B2ABF00DB0E49 /* UITips.h */ = {isa = PBXFileReference; fileEncoding = 4; lastKnownFileType = sourcecode.c.h; path = UITips.h; sourceTree = "<group>"; };
		6D283DA11D4B2ABF00DB0E49 /* UITips.m */ = {isa = PBXFileReference; fileEncoding = 4; lastKnownFileType = sourcecode.c.objc; path = UITips.m; sourceTree = "<group>"; };
		6D283DA31D4B2B1600DB0E49 /* DJWarningBanner.h */ = {isa = PBXFileReference; fileEncoding = 4; lastKnownFileType = sourcecode.c.h; path = DJWarningBanner.h; sourceTree = "<group>"; };
		6D283DA41D4B2B1600DB0E49 /* DJWarningBanner.m */ = {isa = PBXFileReference; fileEncoding = 4; lastKnownFileType = sourcecode.c.objc; path = DJWarningBanner.m; sourceTree = "<group>"; };
		6D283DBA1D4B5D5800DB0E49 /* KeyboardMonitor.swift */ = {isa = PBXFileReference; fileEncoding = 4; lastKnownFileType = sourcecode.swift; path = KeyboardMonitor.swift; sourceTree = "<group>"; };
		6D283DBD1D4B5E6100DB0E49 /* DatabaseUtil.swift */ = {isa = PBXFileReference; fileEncoding = 4; lastKnownFileType = sourcecode.swift; path = DatabaseUtil.swift; sourceTree = "<group>"; };
		6D283DBE1D4B5E6100DB0E49 /* BlockDatabase.swift */ = {isa = PBXFileReference; fileEncoding = 4; lastKnownFileType = sourcecode.swift; path = BlockDatabase.swift; sourceTree = "<group>"; };
		6D283DC21D4B5EAD00DB0E49 /* FMDatabase.h */ = {isa = PBXFileReference; fileEncoding = 4; lastKnownFileType = sourcecode.c.h; path = FMDatabase.h; sourceTree = "<group>"; };
		6D283DC31D4B5EAD00DB0E49 /* FMDatabase.m */ = {isa = PBXFileReference; fileEncoding = 4; lastKnownFileType = sourcecode.c.objc; path = FMDatabase.m; sourceTree = "<group>"; };
		6D283DC41D4B5EAD00DB0E49 /* FMDatabaseAdditions.h */ = {isa = PBXFileReference; fileEncoding = 4; lastKnownFileType = sourcecode.c.h; path = FMDatabaseAdditions.h; sourceTree = "<group>"; };
		6D283DC51D4B5EAD00DB0E49 /* FMDatabaseAdditions.m */ = {isa = PBXFileReference; fileEncoding = 4; lastKnownFileType = sourcecode.c.objc; path = FMDatabaseAdditions.m; sourceTree = "<group>"; };
		6D283DC61D4B5EAD00DB0E49 /* FMDatabasePool.h */ = {isa = PBXFileReference; fileEncoding = 4; lastKnownFileType = sourcecode.c.h; path = FMDatabasePool.h; sourceTree = "<group>"; };
		6D283DC71D4B5EAD00DB0E49 /* FMDatabasePool.m */ = {isa = PBXFileReference; fileEncoding = 4; lastKnownFileType = sourcecode.c.objc; path = FMDatabasePool.m; sourceTree = "<group>"; };
		6D283DC81D4B5EAD00DB0E49 /* FMDatabaseQueue.h */ = {isa = PBXFileReference; fileEncoding = 4; lastKnownFileType = sourcecode.c.h; path = FMDatabaseQueue.h; sourceTree = "<group>"; };
		6D283DC91D4B5EAD00DB0E49 /* FMDatabaseQueue.m */ = {isa = PBXFileReference; fileEncoding = 4; lastKnownFileType = sourcecode.c.objc; path = FMDatabaseQueue.m; sourceTree = "<group>"; };
		6D283DCA1D4B5EAD00DB0E49 /* FMDB.h */ = {isa = PBXFileReference; fileEncoding = 4; lastKnownFileType = sourcecode.c.h; path = FMDB.h; sourceTree = "<group>"; };
		6D283DCB1D4B5EAD00DB0E49 /* FMResultSet.h */ = {isa = PBXFileReference; fileEncoding = 4; lastKnownFileType = sourcecode.c.h; path = FMResultSet.h; sourceTree = "<group>"; };
		6D283DCC1D4B5EAD00DB0E49 /* FMResultSet.m */ = {isa = PBXFileReference; fileEncoding = 4; lastKnownFileType = sourcecode.c.objc; path = FMResultSet.m; sourceTree = "<group>"; };
		6D283DCE1D4B5EAD00DB0E49 /* FMDatabaseAdditionsVariadic.swift */ = {isa = PBXFileReference; fileEncoding = 4; lastKnownFileType = sourcecode.swift; path = FMDatabaseAdditionsVariadic.swift; sourceTree = "<group>"; };
		6D283DCF1D4B5EAD00DB0E49 /* FMDatabaseVariadic.swift */ = {isa = PBXFileReference; fileEncoding = 4; lastKnownFileType = sourcecode.swift; path = FMDatabaseVariadic.swift; sourceTree = "<group>"; };
		6D283E841D4F26D700DB0E49 /* PhotoBrowser+Common.swift */ = {isa = PBXFileReference; fileEncoding = 4; lastKnownFileType = sourcecode.swift; path = "PhotoBrowser+Common.swift"; sourceTree = "<group>"; };
		6D283E861D4F26D700DB0E49 /* PhotoBrowser+HUD.swift */ = {isa = PBXFileReference; fileEncoding = 4; lastKnownFileType = sourcecode.swift; path = "PhotoBrowser+HUD.swift"; sourceTree = "<group>"; };
		6D283E871D4F26D700DB0E49 /* PhotoBrowser+Indicator.swift */ = {isa = PBXFileReference; fileEncoding = 4; lastKnownFileType = sourcecode.swift; path = "PhotoBrowser+Indicator.swift"; sourceTree = "<group>"; };
		6D283E881D4F26D700DB0E49 /* PhotoBrowser+PBType.swift */ = {isa = PBXFileReference; fileEncoding = 4; lastKnownFileType = sourcecode.swift; path = "PhotoBrowser+PBType.swift"; sourceTree = "<group>"; };
		6D283E8A1D4F26D700DB0E49 /* Layout.swift */ = {isa = PBXFileReference; fileEncoding = 4; lastKnownFileType = sourcecode.swift; path = Layout.swift; sourceTree = "<group>"; };
		6D283E8C1D4F26D700DB0E49 /* PhotoBrowser+Model.swift */ = {isa = PBXFileReference; fileEncoding = 4; lastKnownFileType = sourcecode.swift; path = "PhotoBrowser+Model.swift"; sourceTree = "<group>"; };
		6D283E8D1D4F26D700DB0E49 /* PhotoBrowser.swift */ = {isa = PBXFileReference; fileEncoding = 4; lastKnownFileType = sourcecode.swift; path = PhotoBrowser.swift; sourceTree = "<group>"; };
		6D283E8F1D4F26D700DB0E49 /* CollectionView.swift */ = {isa = PBXFileReference; fileEncoding = 4; lastKnownFileType = sourcecode.swift; path = CollectionView.swift; sourceTree = "<group>"; };
		6D283E901D4F26D700DB0E49 /* DisplayView.swift */ = {isa = PBXFileReference; fileEncoding = 4; lastKnownFileType = sourcecode.swift; path = DisplayView.swift; sourceTree = "<group>"; };
		6D283E911D4F26D700DB0E49 /* ItemCell.swift */ = {isa = PBXFileReference; fileEncoding = 4; lastKnownFileType = sourcecode.swift; path = ItemCell.swift; sourceTree = "<group>"; };
		6D283E921D4F26D700DB0E49 /* ItemCell.xib */ = {isa = PBXFileReference; fileEncoding = 4; lastKnownFileType = file.xib; path = ItemCell.xib; sourceTree = "<group>"; };
		6D283E931D4F26D700DB0E49 /* ShowImageView.swift */ = {isa = PBXFileReference; fileEncoding = 4; lastKnownFileType = sourcecode.swift; path = ShowImageView.swift; sourceTree = "<group>"; };
		6D283EBF1D4F285100DB0E49 /* CFSnapKit.swift */ = {isa = PBXFileReference; fileEncoding = 4; lastKnownFileType = sourcecode.swift; path = CFSnapKit.swift; sourceTree = "<group>"; };
		6D283EC11D4F285100DB0E49 /* Constraint.swift */ = {isa = PBXFileReference; fileEncoding = 4; lastKnownFileType = sourcecode.swift; path = Constraint.swift; sourceTree = "<group>"; };
		6D283EC21D4F285100DB0E49 /* ConstraintAttributes.swift */ = {isa = PBXFileReference; fileEncoding = 4; lastKnownFileType = sourcecode.swift; path = ConstraintAttributes.swift; sourceTree = "<group>"; };
		6D283EC31D4F285100DB0E49 /* ConstraintDescription.swift */ = {isa = PBXFileReference; fileEncoding = 4; lastKnownFileType = sourcecode.swift; path = ConstraintDescription.swift; sourceTree = "<group>"; };
		6D283EC41D4F285100DB0E49 /* ConstraintItem.swift */ = {isa = PBXFileReference; fileEncoding = 4; lastKnownFileType = sourcecode.swift; path = ConstraintItem.swift; sourceTree = "<group>"; };
		6D283EC51D4F285100DB0E49 /* ConstraintMaker.swift */ = {isa = PBXFileReference; fileEncoding = 4; lastKnownFileType = sourcecode.swift; path = ConstraintMaker.swift; sourceTree = "<group>"; };
		6D283EC61D4F285100DB0E49 /* ConstraintRelation.swift */ = {isa = PBXFileReference; fileEncoding = 4; lastKnownFileType = sourcecode.swift; path = ConstraintRelation.swift; sourceTree = "<group>"; };
		6D283EC71D4F285100DB0E49 /* Debugging.swift */ = {isa = PBXFileReference; fileEncoding = 4; lastKnownFileType = sourcecode.swift; path = Debugging.swift; sourceTree = "<group>"; };
		6D283EC81D4F285100DB0E49 /* EdgeInsets.swift */ = {isa = PBXFileReference; fileEncoding = 4; lastKnownFileType = sourcecode.swift; path = EdgeInsets.swift; sourceTree = "<group>"; };
		6D283EC91D4F285100DB0E49 /* LayoutConstraint.swift */ = {isa = PBXFileReference; fileEncoding = 4; lastKnownFileType = sourcecode.swift; path = LayoutConstraint.swift; sourceTree = "<group>"; };
		6D283ECA1D4F285100DB0E49 /* SnapKit.h */ = {isa = PBXFileReference; fileEncoding = 4; lastKnownFileType = sourcecode.c.h; path = SnapKit.h; sourceTree = "<group>"; };
		6D283ECB1D4F285100DB0E49 /* SnapKit.swift */ = {isa = PBXFileReference; fileEncoding = 4; lastKnownFileType = sourcecode.swift; path = SnapKit.swift; sourceTree = "<group>"; };
		6D283ECC1D4F285100DB0E49 /* SourceLocation.swift */ = {isa = PBXFileReference; fileEncoding = 4; lastKnownFileType = sourcecode.swift; path = SourceLocation.swift; sourceTree = "<group>"; };
		6D283ECD1D4F285100DB0E49 /* View+SnapKit.swift */ = {isa = PBXFileReference; fileEncoding = 4; lastKnownFileType = sourcecode.swift; path = "View+SnapKit.swift"; sourceTree = "<group>"; };
		6D283ECE1D4F285100DB0E49 /* ViewController+SnapKit.swift */ = {isa = PBXFileReference; fileEncoding = 4; lastKnownFileType = sourcecode.swift; path = "ViewController+SnapKit.swift"; sourceTree = "<group>"; };
		6D283ED11D4F285100DB0E49 /* NVActivityIndicatorAnimationBallBeat.swift */ = {isa = PBXFileReference; fileEncoding = 4; lastKnownFileType = sourcecode.swift; path = NVActivityIndicatorAnimationBallBeat.swift; sourceTree = "<group>"; };
		6D283ED21D4F285100DB0E49 /* NVActivityIndicatorAnimationBallClipRotate.swift */ = {isa = PBXFileReference; fileEncoding = 4; lastKnownFileType = sourcecode.swift; path = NVActivityIndicatorAnimationBallClipRotate.swift; sourceTree = "<group>"; };
		6D283ED31D4F285100DB0E49 /* NVActivityIndicatorAnimationBallClipRotateMultiple.swift */ = {isa = PBXFileReference; fileEncoding = 4; lastKnownFileType = sourcecode.swift; path = NVActivityIndicatorAnimationBallClipRotateMultiple.swift; sourceTree = "<group>"; };
		6D283ED41D4F285100DB0E49 /* NVActivityIndicatorAnimationBallClipRotatePulse.swift */ = {isa = PBXFileReference; fileEncoding = 4; lastKnownFileType = sourcecode.swift; path = NVActivityIndicatorAnimationBallClipRotatePulse.swift; sourceTree = "<group>"; };
		6D283ED51D4F285100DB0E49 /* NVActivityIndicatorAnimationBallGridBeat.swift */ = {isa = PBXFileReference; fileEncoding = 4; lastKnownFileType = sourcecode.swift; path = NVActivityIndicatorAnimationBallGridBeat.swift; sourceTree = "<group>"; };
		6D283ED61D4F285100DB0E49 /* NVActivityIndicatorAnimationBallGridPulse.swift */ = {isa = PBXFileReference; fileEncoding = 4; lastKnownFileType = sourcecode.swift; path = NVActivityIndicatorAnimationBallGridPulse.swift; sourceTree = "<group>"; };
		6D283ED71D4F285100DB0E49 /* NVActivityIndicatorAnimationBallPulse.swift */ = {isa = PBXFileReference; fileEncoding = 4; lastKnownFileType = sourcecode.swift; path = NVActivityIndicatorAnimationBallPulse.swift; sourceTree = "<group>"; };
		6D283ED81D4F285100DB0E49 /* NVActivityIndicatorAnimationBallPulseRise.swift */ = {isa = PBXFileReference; fileEncoding = 4; lastKnownFileType = sourcecode.swift; path = NVActivityIndicatorAnimationBallPulseRise.swift; sourceTree = "<group>"; };
		6D283ED91D4F285100DB0E49 /* NVActivityIndicatorAnimationBallPulseSync.swift */ = {isa = PBXFileReference; fileEncoding = 4; lastKnownFileType = sourcecode.swift; path = NVActivityIndicatorAnimationBallPulseSync.swift; sourceTree = "<group>"; };
		6D283EDA1D4F285100DB0E49 /* NVActivityIndicatorAnimationBallRotate.swift */ = {isa = PBXFileReference; fileEncoding = 4; lastKnownFileType = sourcecode.swift; path = NVActivityIndicatorAnimationBallRotate.swift; sourceTree = "<group>"; };
		6D283EDB1D4F285100DB0E49 /* NVActivityIndicatorAnimationBallRotateChase.swift */ = {isa = PBXFileReference; fileEncoding = 4; lastKnownFileType = sourcecode.swift; path = NVActivityIndicatorAnimationBallRotateChase.swift; sourceTree = "<group>"; };
		6D283EDC1D4F285100DB0E49 /* NVActivityIndicatorAnimationBallScale.swift */ = {isa = PBXFileReference; fileEncoding = 4; lastKnownFileType = sourcecode.swift; path = NVActivityIndicatorAnimationBallScale.swift; sourceTree = "<group>"; };
		6D283EDD1D4F285100DB0E49 /* NVActivityIndicatorAnimationBallScaleMultiple.swift */ = {isa = PBXFileReference; fileEncoding = 4; lastKnownFileType = sourcecode.swift; path = NVActivityIndicatorAnimationBallScaleMultiple.swift; sourceTree = "<group>"; };
		6D283EDE1D4F285100DB0E49 /* NVActivityIndicatorAnimationBallScaleRipple.swift */ = {isa = PBXFileReference; fileEncoding = 4; lastKnownFileType = sourcecode.swift; path = NVActivityIndicatorAnimationBallScaleRipple.swift; sourceTree = "<group>"; };
		6D283EDF1D4F285100DB0E49 /* NVActivityIndicatorAnimationBallScaleRippleMultiple.swift */ = {isa = PBXFileReference; fileEncoding = 4; lastKnownFileType = sourcecode.swift; path = NVActivityIndicatorAnimationBallScaleRippleMultiple.swift; sourceTree = "<group>"; };
		6D283EE01D4F285100DB0E49 /* NVActivityIndicatorAnimationBallSpinFadeLoader.swift */ = {isa = PBXFileReference; fileEncoding = 4; lastKnownFileType = sourcecode.swift; path = NVActivityIndicatorAnimationBallSpinFadeLoader.swift; sourceTree = "<group>"; };
		6D283EE11D4F285100DB0E49 /* NVActivityIndicatorAnimationBallTrianglePath.swift */ = {isa = PBXFileReference; fileEncoding = 4; lastKnownFileType = sourcecode.swift; path = NVActivityIndicatorAnimationBallTrianglePath.swift; sourceTree = "<group>"; };
		6D283EE21D4F285100DB0E49 /* NVActivityIndicatorAnimationBallZigZag.swift */ = {isa = PBXFileReference; fileEncoding = 4; lastKnownFileType = sourcecode.swift; path = NVActivityIndicatorAnimationBallZigZag.swift; sourceTree = "<group>"; };
		6D283EE31D4F285100DB0E49 /* NVActivityIndicatorAnimationBallZigZagDeflect.swift */ = {isa = PBXFileReference; fileEncoding = 4; lastKnownFileType = sourcecode.swift; path = NVActivityIndicatorAnimationBallZigZagDeflect.swift; sourceTree = "<group>"; };
		6D283EE41D4F285100DB0E49 /* NVActivityIndicatorAnimationBlank.swift */ = {isa = PBXFileReference; fileEncoding = 4; lastKnownFileType = sourcecode.swift; path = NVActivityIndicatorAnimationBlank.swift; sourceTree = "<group>"; };
		6D283EE51D4F285100DB0E49 /* NVActivityIndicatorAnimationCubeTransition.swift */ = {isa = PBXFileReference; fileEncoding = 4; lastKnownFileType = sourcecode.swift; path = NVActivityIndicatorAnimationCubeTransition.swift; sourceTree = "<group>"; };
		6D283EE61D4F285100DB0E49 /* NVActivityIndicatorAnimationLineScale.swift */ = {isa = PBXFileReference; fileEncoding = 4; lastKnownFileType = sourcecode.swift; path = NVActivityIndicatorAnimationLineScale.swift; sourceTree = "<group>"; };
		6D283EE71D4F285100DB0E49 /* NVActivityIndicatorAnimationLineScaleParty.swift */ = {isa = PBXFileReference; fileEncoding = 4; lastKnownFileType = sourcecode.swift; path = NVActivityIndicatorAnimationLineScaleParty.swift; sourceTree = "<group>"; };
		6D283EE81D4F285100DB0E49 /* NVActivityIndicatorAnimationLineScalePulseOut.swift */ = {isa = PBXFileReference; fileEncoding = 4; lastKnownFileType = sourcecode.swift; path = NVActivityIndicatorAnimationLineScalePulseOut.swift; sourceTree = "<group>"; };
		6D283EE91D4F285100DB0E49 /* NVActivityIndicatorAnimationLineScalePulseOutRapid.swift */ = {isa = PBXFileReference; fileEncoding = 4; lastKnownFileType = sourcecode.swift; path = NVActivityIndicatorAnimationLineScalePulseOutRapid.swift; sourceTree = "<group>"; };
		6D283EEA1D4F285100DB0E49 /* NVActivityIndicatorAnimationLineSpinFadeLoader.swift */ = {isa = PBXFileReference; fileEncoding = 4; lastKnownFileType = sourcecode.swift; path = NVActivityIndicatorAnimationLineSpinFadeLoader.swift; sourceTree = "<group>"; };
		6D283EEB1D4F285100DB0E49 /* NVActivityIndicatorAnimationPacman.swift */ = {isa = PBXFileReference; fileEncoding = 4; lastKnownFileType = sourcecode.swift; path = NVActivityIndicatorAnimationPacman.swift; sourceTree = "<group>"; };
		6D283EEC1D4F285100DB0E49 /* NVActivityIndicatorAnimationSemiCircleSpin.swift */ = {isa = PBXFileReference; fileEncoding = 4; lastKnownFileType = sourcecode.swift; path = NVActivityIndicatorAnimationSemiCircleSpin.swift; sourceTree = "<group>"; };
		6D283EED1D4F285100DB0E49 /* NVActivityIndicatorAnimationSquareSpin.swift */ = {isa = PBXFileReference; fileEncoding = 4; lastKnownFileType = sourcecode.swift; path = NVActivityIndicatorAnimationSquareSpin.swift; sourceTree = "<group>"; };
		6D283EEE1D4F285100DB0E49 /* NVActivityIndicatorAnimationTriangleSkewSpin.swift */ = {isa = PBXFileReference; fileEncoding = 4; lastKnownFileType = sourcecode.swift; path = NVActivityIndicatorAnimationTriangleSkewSpin.swift; sourceTree = "<group>"; };
		6D283EEF1D4F285100DB0E49 /* NVActivityIndicatorAnimationDelegate.swift */ = {isa = PBXFileReference; fileEncoding = 4; lastKnownFileType = sourcecode.swift; path = NVActivityIndicatorAnimationDelegate.swift; sourceTree = "<group>"; };
		6D283EF01D4F285100DB0E49 /* NVActivityIndicatorShape.swift */ = {isa = PBXFileReference; fileEncoding = 4; lastKnownFileType = sourcecode.swift; path = NVActivityIndicatorShape.swift; sourceTree = "<group>"; };
		6D283EF11D4F285100DB0E49 /* NVActivityIndicatorView.h */ = {isa = PBXFileReference; fileEncoding = 4; lastKnownFileType = sourcecode.c.h; path = NVActivityIndicatorView.h; sourceTree = "<group>"; };
		6D283EF21D4F285100DB0E49 /* NVActivityIndicatorView.swift */ = {isa = PBXFileReference; fileEncoding = 4; lastKnownFileType = sourcecode.swift; path = NVActivityIndicatorView.swift; sourceTree = "<group>"; };
		6D283F881D4F32CC00DB0E49 /* DropMenuView.swift */ = {isa = PBXFileReference; fileEncoding = 4; lastKnownFileType = sourcecode.swift; path = DropMenuView.swift; sourceTree = "<group>"; };
		6D283F8C1D4F569E00DB0E49 /* DJRefreshView.m */ = {isa = PBXFileReference; fileEncoding = 4; lastKnownFileType = sourcecode.c.objc; path = DJRefreshView.m; sourceTree = "<group>"; };
		6D283F901D4F56A900DB0E49 /* DJRefreshView.h */ = {isa = PBXFileReference; lastKnownFileType = sourcecode.c.h; path = DJRefreshView.h; sourceTree = "<group>"; };
		6D283F911D50375E00DB0E49 /* UIView+DJAnimation.h */ = {isa = PBXFileReference; fileEncoding = 4; lastKnownFileType = sourcecode.c.h; path = "UIView+DJAnimation.h"; sourceTree = "<group>"; };
		6D283F921D50375E00DB0E49 /* UIView+DJAnimation.m */ = {isa = PBXFileReference; fileEncoding = 4; lastKnownFileType = sourcecode.c.objc; path = "UIView+DJAnimation.m"; sourceTree = "<group>"; };
		6D283F941D50381200DB0E49 /* WaterfallCollectionView.swift */ = {isa = PBXFileReference; fileEncoding = 4; lastKnownFileType = sourcecode.swift; path = WaterfallCollectionView.swift; sourceTree = "<group>"; };
		6D283F991D506F3D00DB0E49 /* CHTCollectionViewWaterfallLayout.h */ = {isa = PBXFileReference; fileEncoding = 4; lastKnownFileType = sourcecode.c.h; path = CHTCollectionViewWaterfallLayout.h; sourceTree = "<group>"; };
		6D283F9A1D506F3D00DB0E49 /* CHTCollectionViewWaterfallLayout.m */ = {isa = PBXFileReference; fileEncoding = 4; lastKnownFileType = sourcecode.c.objc; path = CHTCollectionViewWaterfallLayout.m; sourceTree = "<group>"; };
		6D283F9B1D506F3D00DB0E49 /* LICENSE */ = {isa = PBXFileReference; fileEncoding = 4; lastKnownFileType = text; path = LICENSE; sourceTree = "<group>"; };
		6D283F9C1D506F3D00DB0E49 /* README.md */ = {isa = PBXFileReference; fileEncoding = 4; lastKnownFileType = net.daringfireball.markdown; path = README.md; sourceTree = "<group>"; };
		6D283FA01D506FB800DB0E49 /* ViewExtensions.swift */ = {isa = PBXFileReference; fileEncoding = 4; lastKnownFileType = sourcecode.swift; path = ViewExtensions.swift; sourceTree = "<group>"; };
		6D283FA41D508D9900DB0E49 /* CollectionViewController.swift */ = {isa = PBXFileReference; fileEncoding = 4; lastKnownFileType = sourcecode.swift; path = CollectionViewController.swift; sourceTree = "<group>"; };
		6D43FE081D51FC49008A1FC7 /* DJReminderBannerView.h */ = {isa = PBXFileReference; fileEncoding = 4; lastKnownFileType = sourcecode.c.h; path = DJReminderBannerView.h; sourceTree = "<group>"; };
		6D43FE091D51FC49008A1FC7 /* DJReminderBannerView.m */ = {isa = PBXFileReference; fileEncoding = 4; lastKnownFileType = sourcecode.c.objc; path = DJReminderBannerView.m; sourceTree = "<group>"; };
		6D43FE0F1D52DB24008A1FC7 /* DJRangeSilderView.swift */ = {isa = PBXFileReference; fileEncoding = 4; lastKnownFileType = sourcecode.swift; path = DJRangeSilderView.swift; sourceTree = "<group>"; };
		6D43FE131D52E0A8008A1FC7 /* DJAlertView.h */ = {isa = PBXFileReference; fileEncoding = 4; lastKnownFileType = sourcecode.c.h; path = DJAlertView.h; sourceTree = "<group>"; };
		6D43FE141D52E0A8008A1FC7 /* DJAlertView.m */ = {isa = PBXFileReference; fileEncoding = 4; lastKnownFileType = sourcecode.c.objc; path = DJAlertView.m; sourceTree = "<group>"; };
		6D43FE151D52E0A8008A1FC7 /* DJAlertView+Block.h */ = {isa = PBXFileReference; fileEncoding = 4; lastKnownFileType = sourcecode.c.h; path = "DJAlertView+Block.h"; sourceTree = "<group>"; };
		6D43FE161D52E0A8008A1FC7 /* DJAlertView+Block.m */ = {isa = PBXFileReference; fileEncoding = 4; lastKnownFileType = sourcecode.c.objc; path = "DJAlertView+Block.m"; sourceTree = "<group>"; };
		6D43FE191D52E188008A1FC7 /* UIImage+Mozat.h */ = {isa = PBXFileReference; fileEncoding = 4; lastKnownFileType = sourcecode.c.h; path = "UIImage+Mozat.h"; sourceTree = "<group>"; };
		6D43FE1A1D52E188008A1FC7 /* UIImage+Mozat.m */ = {isa = PBXFileReference; fileEncoding = 4; lastKnownFileType = sourcecode.c.objc; path = "UIImage+Mozat.m"; sourceTree = "<group>"; };
		6D43FE251D52ED06008A1FC7 /* CALayer+Mozat.h */ = {isa = PBXFileReference; fileEncoding = 4; lastKnownFileType = sourcecode.c.h; path = "CALayer+Mozat.h"; sourceTree = "<group>"; };
		6D43FE261D52ED06008A1FC7 /* CALayer+Mozat.m */ = {isa = PBXFileReference; fileEncoding = 4; lastKnownFileType = sourcecode.c.objc; path = "CALayer+Mozat.m"; sourceTree = "<group>"; };
		6D43FE271D52ED06008A1FC7 /* UIBarButtonItem+HighlightImage.h */ = {isa = PBXFileReference; fileEncoding = 4; lastKnownFileType = sourcecode.c.h; path = "UIBarButtonItem+HighlightImage.h"; sourceTree = "<group>"; };
		6D43FE281D52ED06008A1FC7 /* UIBarButtonItem+HighlightImage.m */ = {isa = PBXFileReference; fileEncoding = 4; lastKnownFileType = sourcecode.c.objc; path = "UIBarButtonItem+HighlightImage.m"; sourceTree = "<group>"; };
		6D43FE291D52ED06008A1FC7 /* UIFont+MOAdditions.h */ = {isa = PBXFileReference; fileEncoding = 4; lastKnownFileType = sourcecode.c.h; path = "UIFont+MOAdditions.h"; sourceTree = "<group>"; };
		6D43FE2A1D52ED06008A1FC7 /* UIFont+MOAdditions.m */ = {isa = PBXFileReference; fileEncoding = 4; lastKnownFileType = sourcecode.c.objc; path = "UIFont+MOAdditions.m"; sourceTree = "<group>"; };
		6D43FE2B1D52ED06008A1FC7 /* UIImage+Alpha.swift */ = {isa = PBXFileReference; fileEncoding = 4; lastKnownFileType = sourcecode.swift; path = "UIImage+Alpha.swift"; sourceTree = "<group>"; };
		6D43FE2C1D52ED06008A1FC7 /* UILabel+FormattedText.swift */ = {isa = PBXFileReference; fileEncoding = 4; lastKnownFileType = sourcecode.swift; path = "UILabel+FormattedText.swift"; sourceTree = "<group>"; };
		6D43FE321D52EE65008A1FC7 /* DJTutorialView.h */ = {isa = PBXFileReference; fileEncoding = 4; lastKnownFileType = sourcecode.c.h; path = DJTutorialView.h; sourceTree = "<group>"; };
		6D43FE331D52EE65008A1FC7 /* DJTutorialView.m */ = {isa = PBXFileReference; fileEncoding = 4; lastKnownFileType = sourcecode.c.objc; path = DJTutorialView.m; sourceTree = "<group>"; };
		6D43FE381D52F4C6008A1FC7 /* ScrollableBannerView.swift */ = {isa = PBXFileReference; fileEncoding = 4; lastKnownFileType = sourcecode.swift; path = ScrollableBannerView.swift; sourceTree = "<group>"; };
		6D43FE3C1D52FB08008A1FC7 /* ScrollableCategoryView.swift */ = {isa = PBXFileReference; fileEncoding = 4; lastKnownFileType = sourcecode.swift; path = ScrollableCategoryView.swift; sourceTree = "<group>"; };
		6D7A63C11D49EAF7008773AB /* UITools.app */ = {isa = PBXFileReference; explicitFileType = wrapper.application; includeInIndex = 0; path = UITools.app; sourceTree = BUILT_PRODUCTS_DIR; };
		6D7A63C51D49EAF7008773AB /* main.m */ = {isa = PBXFileReference; lastKnownFileType = sourcecode.c.objc; path = main.m; sourceTree = "<group>"; };
		6D7A63C71D49EAF7008773AB /* AppDelegate.h */ = {isa = PBXFileReference; lastKnownFileType = sourcecode.c.h; path = AppDelegate.h; sourceTree = "<group>"; };
		6D7A63C81D49EAF7008773AB /* AppDelegate.m */ = {isa = PBXFileReference; lastKnownFileType = sourcecode.c.objc; path = AppDelegate.m; sourceTree = "<group>"; };
		6D7A63CE1D49EAF7008773AB /* Base */ = {isa = PBXFileReference; lastKnownFileType = file.storyboard; name = Base; path = Base.lproj/Main.storyboard; sourceTree = "<group>"; };
		6D7A63D01D49EAF7008773AB /* Assets.xcassets */ = {isa = PBXFileReference; lastKnownFileType = folder.assetcatalog; path = Assets.xcassets; sourceTree = "<group>"; };
		6D7A63D31D49EAF7008773AB /* Base */ = {isa = PBXFileReference; lastKnownFileType = file.storyboard; name = Base; path = Base.lproj/LaunchScreen.storyboard; sourceTree = "<group>"; };
		6D7A63D51D49EAF7008773AB /* Info.plist */ = {isa = PBXFileReference; lastKnownFileType = text.plist.xml; path = Info.plist; sourceTree = "<group>"; };
		6D7A63FE1D49F73E008773AB /* UITools-Bridging-Header.h */ = {isa = PBXFileReference; lastKnownFileType = sourcecode.c.h; path = "UITools-Bridging-Header.h"; sourceTree = "<group>"; };
		6D7A63FF1D49F73E008773AB /* MainViewController.swift */ = {isa = PBXFileReference; fileEncoding = 4; lastKnownFileType = sourcecode.swift; path = MainViewController.swift; sourceTree = "<group>"; };
		6D7A649C1D4A05D5008773AB /* CoreTelephony.framework */ = {isa = PBXFileReference; lastKnownFileType = wrapper.framework; name = CoreTelephony.framework; path = System/Library/Frameworks/CoreTelephony.framework; sourceTree = SDKROOT; };
		6D7A649E1D4A060D008773AB /* libsqlite3.tbd */ = {isa = PBXFileReference; lastKnownFileType = "sourcecode.text-based-dylib-definition"; name = libsqlite3.tbd; path = usr/lib/libsqlite3.tbd; sourceTree = SDKROOT; };
		6D7A64A01D4A0677008773AB /* libc++.tbd */ = {isa = PBXFileReference; lastKnownFileType = "sourcecode.text-based-dylib-definition"; name = "libc++.tbd"; path = "usr/lib/libc++.tbd"; sourceTree = SDKROOT; };
		6D7A64A21D4A067E008773AB /* libz.tbd */ = {isa = PBXFileReference; lastKnownFileType = "sourcecode.text-based-dylib-definition"; name = libz.tbd; path = usr/lib/libz.tbd; sourceTree = SDKROOT; };
		6D7A64A41D4A0685008773AB /* SystemConfiguration.framework */ = {isa = PBXFileReference; lastKnownFileType = wrapper.framework; name = SystemConfiguration.framework; path = System/Library/Frameworks/SystemConfiguration.framework; sourceTree = SDKROOT; };
		6D7A64A91D4A09E4008773AB /* NSString+Mozat.h */ = {isa = PBXFileReference; fileEncoding = 4; lastKnownFileType = sourcecode.c.h; name = "NSString+Mozat.h"; path = "../NSString+Mozat.h"; sourceTree = "<group>"; };
		6D7A64AA1D4A09E4008773AB /* NSString+Mozat.m */ = {isa = PBXFileReference; fileEncoding = 4; lastKnownFileType = sourcecode.c.objc; name = "NSString+Mozat.m"; path = "../NSString+Mozat.m"; sourceTree = "<group>"; };
		6D7A64AC1D4A0A23008773AB /* UIApplication+Mozat.h */ = {isa = PBXFileReference; fileEncoding = 4; lastKnownFileType = sourcecode.c.h; name = "UIApplication+Mozat.h"; path = "../UIApplication+Mozat.h"; sourceTree = "<group>"; };
		6D7A64AD1D4A0A23008773AB /* UIApplication+Mozat.m */ = {isa = PBXFileReference; fileEncoding = 4; lastKnownFileType = sourcecode.c.objc; name = "UIApplication+Mozat.m"; path = "../UIApplication+Mozat.m"; sourceTree = "<group>"; };
		6E54F308EFD6C26DCCA01C58 /* Pods-UITools.debug.xcconfig */ = {isa = PBXFileReference; includeInIndex = 1; lastKnownFileType = text.xcconfig; name = "Pods-UITools.debug.xcconfig"; path = "Pods/Target Support Files/Pods-UITools/Pods-UITools.debug.xcconfig"; sourceTree = "<group>"; };
		81D96C09200658153554566E /* Pods-UITools.release.xcconfig */ = {isa = PBXFileReference; includeInIndex = 1; lastKnownFileType = text.xcconfig; name = "Pods-UITools.release.xcconfig"; path = "Pods/Target Support Files/Pods-UITools/Pods-UITools.release.xcconfig"; sourceTree = "<group>"; };
		DCFDCCEF1F11AAE16181C286 /* Pods_UITools.framework */ = {isa = PBXFileReference; explicitFileType = wrapper.framework; includeInIndex = 0; path = Pods_UITools.framework; sourceTree = BUILT_PRODUCTS_DIR; };
/* End PBXFileReference section */

/* Begin PBXFrameworksBuildPhase section */
		6D7A63BE1D49EAF7008773AB /* Frameworks */ = {
			isa = PBXFrameworksBuildPhase;
			buildActionMask = 2147483647;
			files = (
				6D283D8F1D4B218000DB0E49 /* FBSDKShareKit.framework in Frameworks */,
				6D7A64A51D4A0685008773AB /* SystemConfiguration.framework in Frameworks */,
				6D283D961D4B218000DB0E49 /* libWeChatSDK.a in Frameworks */,
				6D283D8D1D4B218000DB0E49 /* FBSDKCoreKit.framework in Frameworks */,
				6D7A64A31D4A067E008773AB /* libz.tbd in Frameworks */,
				6D7A64A11D4A0677008773AB /* libc++.tbd in Frameworks */,
				6D283D8E1D4B218000DB0E49 /* FBSDKLoginKit.framework in Frameworks */,
				6D7A649F1D4A060D008773AB /* libsqlite3.tbd in Frameworks */,
				6D7A649D1D4A05D5008773AB /* CoreTelephony.framework in Frameworks */,
				FE7E1F17F2A20EA467AE6CDA /* Pods_UITools.framework in Frameworks */,
			);
			runOnlyForDeploymentPostprocessing = 0;
		};
/* End PBXFrameworksBuildPhase section */

/* Begin PBXGroup section */
		6D283D3A1D4B093000DB0E49 /* PropertyExtension */ = {
			isa = PBXGroup;
			children = (
				6D43FE251D52ED06008A1FC7 /* CALayer+Mozat.h */,
				6D43FE261D52ED06008A1FC7 /* CALayer+Mozat.m */,
				6D283D3B1D4B098200DB0E49 /* DJFont.h */,
				6D283D3C1D4B098200DB0E49 /* DJFont.m */,
				6D7A64A91D4A09E4008773AB /* NSString+Mozat.h */,
				6D7A64AA1D4A09E4008773AB /* NSString+Mozat.m */,
				6D7A64AC1D4A0A23008773AB /* UIApplication+Mozat.h */,
				6D7A64AD1D4A0A23008773AB /* UIApplication+Mozat.m */,
				6D43FE271D52ED06008A1FC7 /* UIBarButtonItem+HighlightImage.h */,
				6D43FE281D52ED06008A1FC7 /* UIBarButtonItem+HighlightImage.m */,
				6D283D3D1D4B098200DB0E49 /* UIColor+MOAdditions.h */,
				6D283D3E1D4B098200DB0E49 /* UIColor+MOAdditions.m */,
				6D43FE291D52ED06008A1FC7 /* UIFont+MOAdditions.h */,
				6D43FE2A1D52ED06008A1FC7 /* UIFont+MOAdditions.m */,
				6D43FE2B1D52ED06008A1FC7 /* UIImage+Alpha.swift */,
				6D43FE191D52E188008A1FC7 /* UIImage+Mozat.h */,
				6D43FE1A1D52E188008A1FC7 /* UIImage+Mozat.m */,
				6D43FE2C1D52ED06008A1FC7 /* UILabel+FormattedText.swift */,
				6D283F911D50375E00DB0E49 /* UIView+DJAnimation.h */,
				6D283F921D50375E00DB0E49 /* UIView+DJAnimation.m */,
				6D283D411D4B099C00DB0E49 /* UIView+Mozat.h */,
				6D283D421D4B099C00DB0E49 /* UIView+Mozat.m */,
				6D283FA01D506FB800DB0E49 /* ViewExtensions.swift */,
			);
			name = PropertyExtension;
			path = ViewProperty;
			sourceTree = "<group>";
		};
		6D283D441D4B0A1200DB0E49 /* Share */ = {
			isa = PBXGroup;
			children = (
				6D283D451D4B0A1200DB0E49 /* DJCopyURLShareEntry.h */,
				6D283D461D4B0A1200DB0E49 /* DJCopyURLShareEntry.m */,
				6D283D471D4B0A1200DB0E49 /* DJFBShareEntry.h */,
				6D283D481D4B0A1200DB0E49 /* DJFBShareEntry.m */,
				6D283D491D4B0A1200DB0E49 /* DJInstagramShareEntry.h */,
				6D283D4A1D4B0A1200DB0E49 /* DJInstagramShareEntry.m */,
				6D283D4B1D4B0A1200DB0E49 /* DJMessageEntry.h */,
				6D283D4C1D4B0A1200DB0E49 /* DJSaveImageEntry.h */,
				6D283D4D1D4B0A1200DB0E49 /* DJSaveImageShareEntry.h */,
				6D283D4E1D4B0A1200DB0E49 /* DJSaveImageShareEntry.m */,
				6D283D4F1D4B0A1200DB0E49 /* DJShareEntry.h */,
				6D283D501D4B0A1200DB0E49 /* DJShareEntry.m */,
				6D283D511D4B0A1200DB0E49 /* DJShareWindow.h */,
				6D283D521D4B0A1200DB0E49 /* DJShareWindow.m */,
				6D283D531D4B0A1200DB0E49 /* DJTwitterShareEntry.h */,
				6D283D541D4B0A1200DB0E49 /* DJTwitterShareEntry.m */,
				6D283D551D4B0A1200DB0E49 /* DJWhatsappEntry.h */,
				6D283D561D4B0A1200DB0E49 /* DJWhatsappEntry.m */,
				6D283D571D4B0A1200DB0E49 /* DJWXChatEntry.h */,
				6D283D581D4B0A1200DB0E49 /* DJWXShareEntry.h */,
				6D283D591D4B0A1200DB0E49 /* DJWXShareEntry.m */,
			);
			path = Share;
			sourceTree = "<group>";
		};
		6D283D721D4B0ADD00DB0E49 /* AlertHintTips */ = {
			isa = PBXGroup;
			children = (
				6D43FE321D52EE65008A1FC7 /* DJTutorialView.h */,
				6D43FE331D52EE65008A1FC7 /* DJTutorialView.m */,
				6D43FE081D51FC49008A1FC7 /* DJReminderBannerView.h */,
				6D43FE091D51FC49008A1FC7 /* DJReminderBannerView.m */,
				6D283F881D4F32CC00DB0E49 /* DropMenuView.swift */,
				6D283D731D4B0ADD00DB0E49 /* MBProgressHUD+ShowTextHUD.h */,
				6D283D741D4B0ADD00DB0E49 /* MBProgressHUD+ShowTextHUD.m */,
				6D283D751D4B0ADD00DB0E49 /* TutorialWindow.swift */,
				6D283DA01D4B2ABF00DB0E49 /* UITips.h */,
				6D283DA11D4B2ABF00DB0E49 /* UITips.m */,
				6D283DA31D4B2B1600DB0E49 /* DJWarningBanner.h */,
				6D283DA41D4B2B1600DB0E49 /* DJWarningBanner.m */,
			);
			path = AlertHintTips;
			sourceTree = "<group>";
		};
		6D283D781D4B218000DB0E49 /* 3rdLibs */ = {
			isa = PBXGroup;
			children = (
				6D283DC11D4B5EAD00DB0E49 /* fmdb */,
				6D283D791D4B218000DB0E49 /* Facebook */,
				6D283D7D1D4B218000DB0E49 /* MBProgressHUD */,
				6D283D821D4B218000DB0E49 /* Reachability */,
				6D283D871D4B218000DB0E49 /* weixin_openSDK1.7.2 */,
			);
			path = 3rdLibs;
			sourceTree = "<group>";
		};
		6D283D791D4B218000DB0E49 /* Facebook */ = {
			isa = PBXGroup;
			children = (
				6D283D7A1D4B218000DB0E49 /* FBSDKCoreKit.framework */,
				6D283D7B1D4B218000DB0E49 /* FBSDKLoginKit.framework */,
				6D283D7C1D4B218000DB0E49 /* FBSDKShareKit.framework */,
			);
			path = Facebook;
			sourceTree = "<group>";
		};
		6D283D7D1D4B218000DB0E49 /* MBProgressHUD */ = {
			isa = PBXGroup;
			children = (
				6D283D7E1D4B218000DB0E49 /* LICENSE */,
				6D283D7F1D4B218000DB0E49 /* MBProgressHUD.h */,
				6D283D801D4B218000DB0E49 /* MBProgressHUD.m */,
				6D283D811D4B218000DB0E49 /* README.mdown */,
			);
			path = MBProgressHUD;
			sourceTree = "<group>";
		};
		6D283D821D4B218000DB0E49 /* Reachability */ = {
			isa = PBXGroup;
			children = (
				6D283D831D4B218000DB0E49 /* LICENCE.txt */,
				6D283D841D4B218000DB0E49 /* Reachability.h */,
				6D283D851D4B218000DB0E49 /* Reachability.m */,
				6D283D861D4B218000DB0E49 /* README.md */,
			);
			path = Reachability;
			sourceTree = "<group>";
		};
		6D283D871D4B218000DB0E49 /* weixin_openSDK1.7.2 */ = {
			isa = PBXGroup;
			children = (
				6D283D881D4B218000DB0E49 /* libWeChatSDK.a */,
				6D283D891D4B218000DB0E49 /* README.txt */,
				6D283D8A1D4B218000DB0E49 /* WechatAuthSDK.h */,
				6D283D8B1D4B218000DB0E49 /* WXApi.h */,
				6D283D8C1D4B218000DB0E49 /* WXApiObject.h */,
			);
			path = weixin_openSDK1.7.2;
			sourceTree = "<group>";
		};
		6D283D981D4B221500DB0E49 /* AblumOperations */ = {
			isa = PBXGroup;
			children = (
				6D283D991D4B221500DB0E49 /* DJAblumOperation.h */,
				6D283D9A1D4B221500DB0E49 /* DJAblumOperation.m */,
			);
			path = AblumOperations;
			sourceTree = "<group>";
		};
		6D283DB91D4B5D5800DB0E49 /* EasyUITools */ = {
			isa = PBXGroup;
			children = (
				6D283F981D506F3D00DB0E49 /* CHTCollectionViewWaterfallLayout */,
				6D283DBA1D4B5D5800DB0E49 /* KeyboardMonitor.swift */,
				6D283F901D4F56A900DB0E49 /* DJRefreshView.h */,
				6D283F8C1D4F569E00DB0E49 /* DJRefreshView.m */,
				6D283F941D50381200DB0E49 /* WaterfallCollectionView.swift */,
				6D43FE0F1D52DB24008A1FC7 /* DJRangeSilderView.swift */,
				6D43FE3C1D52FB08008A1FC7 /* ScrollableCategoryView.swift */,
				6D43FE381D52F4C6008A1FC7 /* ScrollableBannerView.swift */,
				6D43FE131D52E0A8008A1FC7 /* DJAlertView.h */,
				6D43FE141D52E0A8008A1FC7 /* DJAlertView.m */,
				6D43FE151D52E0A8008A1FC7 /* DJAlertView+Block.h */,
				6D43FE161D52E0A8008A1FC7 /* DJAlertView+Block.m */,
			);
			path = EasyUITools;
			sourceTree = "<group>";
		};
		6D283DBC1D4B5E6100DB0E49 /* Database */ = {
			isa = PBXGroup;
			children = (
				6D283DBD1D4B5E6100DB0E49 /* DatabaseUtil.swift */,
				6D283DBE1D4B5E6100DB0E49 /* BlockDatabase.swift */,
			);
			path = Database;
			sourceTree = "<group>";
		};
		6D283DC11D4B5EAD00DB0E49 /* fmdb */ = {
			isa = PBXGroup;
			children = (
				6D283DC21D4B5EAD00DB0E49 /* FMDatabase.h */,
				6D283DC31D4B5EAD00DB0E49 /* FMDatabase.m */,
				6D283DC41D4B5EAD00DB0E49 /* FMDatabaseAdditions.h */,
				6D283DC51D4B5EAD00DB0E49 /* FMDatabaseAdditions.m */,
				6D283DC61D4B5EAD00DB0E49 /* FMDatabasePool.h */,
				6D283DC71D4B5EAD00DB0E49 /* FMDatabasePool.m */,
				6D283DC81D4B5EAD00DB0E49 /* FMDatabaseQueue.h */,
				6D283DC91D4B5EAD00DB0E49 /* FMDatabaseQueue.m */,
				6D283DCA1D4B5EAD00DB0E49 /* FMDB.h */,
				6D283DCB1D4B5EAD00DB0E49 /* FMResultSet.h */,
				6D283DCC1D4B5EAD00DB0E49 /* FMResultSet.m */,
				6D283DCD1D4B5EAD00DB0E49 /* Swift extensions */,
			);
			path = fmdb;
			sourceTree = "<group>";
		};
		6D283DCD1D4B5EAD00DB0E49 /* Swift extensions */ = {
			isa = PBXGroup;
			children = (
				6D283DCE1D4B5EAD00DB0E49 /* FMDatabaseAdditionsVariadic.swift */,
				6D283DCF1D4B5EAD00DB0E49 /* FMDatabaseVariadic.swift */,
			);
			path = "Swift extensions";
			sourceTree = "<group>";
		};
		6D283E821D4F26D700DB0E49 /* PhotoBrowser */ = {
			isa = PBXGroup;
			children = (
				6D283EBE1D4F285100DB0E49 /* CFSnapKit */,
				6D283ECF1D4F285100DB0E49 /* NVActivityIndicatorView */,
				6D283E8D1D4F26D700DB0E49 /* PhotoBrowser.swift */,
				6D283E831D4F26D700DB0E49 /* Common */,
				6D283E851D4F26D700DB0E49 /* Controller */,
				6D283E891D4F26D700DB0E49 /* Layout */,
				6D283E8B1D4F26D700DB0E49 /* Model */,
				6D283E8E1D4F26D700DB0E49 /* View */,
			);
			path = PhotoBrowser;
			sourceTree = "<group>";
		};
		6D283E831D4F26D700DB0E49 /* Common */ = {
			isa = PBXGroup;
			children = (
				6D283E841D4F26D700DB0E49 /* PhotoBrowser+Common.swift */,
			);
			path = Common;
			sourceTree = "<group>";
		};
		6D283E851D4F26D700DB0E49 /* Controller */ = {
			isa = PBXGroup;
			children = (
				6D283E861D4F26D700DB0E49 /* PhotoBrowser+HUD.swift */,
				6D283E871D4F26D700DB0E49 /* PhotoBrowser+Indicator.swift */,
				6D283E881D4F26D700DB0E49 /* PhotoBrowser+PBType.swift */,
			);
			path = Controller;
			sourceTree = "<group>";
		};
		6D283E891D4F26D700DB0E49 /* Layout */ = {
			isa = PBXGroup;
			children = (
				6D283E8A1D4F26D700DB0E49 /* Layout.swift */,
			);
			path = Layout;
			sourceTree = "<group>";
		};
		6D283E8B1D4F26D700DB0E49 /* Model */ = {
			isa = PBXGroup;
			children = (
				6D283E8C1D4F26D700DB0E49 /* PhotoBrowser+Model.swift */,
			);
			path = Model;
			sourceTree = "<group>";
		};
		6D283E8E1D4F26D700DB0E49 /* View */ = {
			isa = PBXGroup;
			children = (
				6D283E8F1D4F26D700DB0E49 /* CollectionView.swift */,
				6D283E901D4F26D700DB0E49 /* DisplayView.swift */,
				6D283E911D4F26D700DB0E49 /* ItemCell.swift */,
				6D283E921D4F26D700DB0E49 /* ItemCell.xib */,
				6D283E931D4F26D700DB0E49 /* ShowImageView.swift */,
			);
			path = View;
			sourceTree = "<group>";
		};
		6D283EBE1D4F285100DB0E49 /* CFSnapKit */ = {
			isa = PBXGroup;
			children = (
				6D283EBF1D4F285100DB0E49 /* CFSnapKit.swift */,
				6D283EC01D4F285100DB0E49 /* Source */,
			);
			path = CFSnapKit;
			sourceTree = "<group>";
		};
		6D283EC01D4F285100DB0E49 /* Source */ = {
			isa = PBXGroup;
			children = (
				6D283EC11D4F285100DB0E49 /* Constraint.swift */,
				6D283EC21D4F285100DB0E49 /* ConstraintAttributes.swift */,
				6D283EC31D4F285100DB0E49 /* ConstraintDescription.swift */,
				6D283EC41D4F285100DB0E49 /* ConstraintItem.swift */,
				6D283EC51D4F285100DB0E49 /* ConstraintMaker.swift */,
				6D283EC61D4F285100DB0E49 /* ConstraintRelation.swift */,
				6D283EC71D4F285100DB0E49 /* Debugging.swift */,
				6D283EC81D4F285100DB0E49 /* EdgeInsets.swift */,
				6D283EC91D4F285100DB0E49 /* LayoutConstraint.swift */,
				6D283ECA1D4F285100DB0E49 /* SnapKit.h */,
				6D283ECB1D4F285100DB0E49 /* SnapKit.swift */,
				6D283ECC1D4F285100DB0E49 /* SourceLocation.swift */,
				6D283ECD1D4F285100DB0E49 /* View+SnapKit.swift */,
				6D283ECE1D4F285100DB0E49 /* ViewController+SnapKit.swift */,
			);
			path = Source;
			sourceTree = "<group>";
		};
		6D283ECF1D4F285100DB0E49 /* NVActivityIndicatorView */ = {
			isa = PBXGroup;
			children = (
				6D283ED01D4F285100DB0E49 /* Animations */,
				6D283EEF1D4F285100DB0E49 /* NVActivityIndicatorAnimationDelegate.swift */,
				6D283EF01D4F285100DB0E49 /* NVActivityIndicatorShape.swift */,
				6D283EF11D4F285100DB0E49 /* NVActivityIndicatorView.h */,
				6D283EF21D4F285100DB0E49 /* NVActivityIndicatorView.swift */,
			);
			path = NVActivityIndicatorView;
			sourceTree = "<group>";
		};
		6D283ED01D4F285100DB0E49 /* Animations */ = {
			isa = PBXGroup;
			children = (
				6D283ED11D4F285100DB0E49 /* NVActivityIndicatorAnimationBallBeat.swift */,
				6D283ED21D4F285100DB0E49 /* NVActivityIndicatorAnimationBallClipRotate.swift */,
				6D283ED31D4F285100DB0E49 /* NVActivityIndicatorAnimationBallClipRotateMultiple.swift */,
				6D283ED41D4F285100DB0E49 /* NVActivityIndicatorAnimationBallClipRotatePulse.swift */,
				6D283ED51D4F285100DB0E49 /* NVActivityIndicatorAnimationBallGridBeat.swift */,
				6D283ED61D4F285100DB0E49 /* NVActivityIndicatorAnimationBallGridPulse.swift */,
				6D283ED71D4F285100DB0E49 /* NVActivityIndicatorAnimationBallPulse.swift */,
				6D283ED81D4F285100DB0E49 /* NVActivityIndicatorAnimationBallPulseRise.swift */,
				6D283ED91D4F285100DB0E49 /* NVActivityIndicatorAnimationBallPulseSync.swift */,
				6D283EDA1D4F285100DB0E49 /* NVActivityIndicatorAnimationBallRotate.swift */,
				6D283EDB1D4F285100DB0E49 /* NVActivityIndicatorAnimationBallRotateChase.swift */,
				6D283EDC1D4F285100DB0E49 /* NVActivityIndicatorAnimationBallScale.swift */,
				6D283EDD1D4F285100DB0E49 /* NVActivityIndicatorAnimationBallScaleMultiple.swift */,
				6D283EDE1D4F285100DB0E49 /* NVActivityIndicatorAnimationBallScaleRipple.swift */,
				6D283EDF1D4F285100DB0E49 /* NVActivityIndicatorAnimationBallScaleRippleMultiple.swift */,
				6D283EE01D4F285100DB0E49 /* NVActivityIndicatorAnimationBallSpinFadeLoader.swift */,
				6D283EE11D4F285100DB0E49 /* NVActivityIndicatorAnimationBallTrianglePath.swift */,
				6D283EE21D4F285100DB0E49 /* NVActivityIndicatorAnimationBallZigZag.swift */,
				6D283EE31D4F285100DB0E49 /* NVActivityIndicatorAnimationBallZigZagDeflect.swift */,
				6D283EE41D4F285100DB0E49 /* NVActivityIndicatorAnimationBlank.swift */,
				6D283EE51D4F285100DB0E49 /* NVActivityIndicatorAnimationCubeTransition.swift */,
				6D283EE61D4F285100DB0E49 /* NVActivityIndicatorAnimationLineScale.swift */,
				6D283EE71D4F285100DB0E49 /* NVActivityIndicatorAnimationLineScaleParty.swift */,
				6D283EE81D4F285100DB0E49 /* NVActivityIndicatorAnimationLineScalePulseOut.swift */,
				6D283EE91D4F285100DB0E49 /* NVActivityIndicatorAnimationLineScalePulseOutRapid.swift */,
				6D283EEA1D4F285100DB0E49 /* NVActivityIndicatorAnimationLineSpinFadeLoader.swift */,
				6D283EEB1D4F285100DB0E49 /* NVActivityIndicatorAnimationPacman.swift */,
				6D283EEC1D4F285100DB0E49 /* NVActivityIndicatorAnimationSemiCircleSpin.swift */,
				6D283EED1D4F285100DB0E49 /* NVActivityIndicatorAnimationSquareSpin.swift */,
				6D283EEE1D4F285100DB0E49 /* NVActivityIndicatorAnimationTriangleSkewSpin.swift */,
			);
			path = Animations;
			sourceTree = "<group>";
		};
		6D283F981D506F3D00DB0E49 /* CHTCollectionViewWaterfallLayout */ = {
			isa = PBXGroup;
			children = (
				6D283F991D506F3D00DB0E49 /* CHTCollectionViewWaterfallLayout.h */,
				6D283F9A1D506F3D00DB0E49 /* CHTCollectionViewWaterfallLayout.m */,
				6D283F9B1D506F3D00DB0E49 /* LICENSE */,
				6D283F9C1D506F3D00DB0E49 /* README.md */,
			);
			path = CHTCollectionViewWaterfallLayout;
			sourceTree = "<group>";
		};
		6D7A63B81D49EAF7008773AB = {
			isa = PBXGroup;
			children = (
				6D7A63C31D49EAF7008773AB /* UITools */,
				6D7A63C21D49EAF7008773AB /* Products */,
				81BDFEEE58D5CAD5A149FB83 /* Pods */,
				804AAE98B19CB9B7EAEF660C /* Frameworks */,
			);
			sourceTree = "<group>";
		};
		6D7A63C21D49EAF7008773AB /* Products */ = {
			isa = PBXGroup;
			children = (
				6D7A63C11D49EAF7008773AB /* UITools.app */,
			);
			name = Products;
			sourceTree = "<group>";
		};
		6D7A63C31D49EAF7008773AB /* UITools */ = {
			isa = PBXGroup;
			children = (
				6D283D781D4B218000DB0E49 /* 3rdLibs */,
				6D7A64A61D4A06AE008773AB /* SystemFrameWork */,
				6D7A63DB1D49F5CF008773AB /* libs */,
				6D7A63FF1D49F73E008773AB /* MainViewController.swift */,
				6D283D351D4B062C00DB0E49 /* AllTipsViewController.swift */,
				6D283FA41D508D9900DB0E49 /* CollectionViewController.swift */,
				6D7A63C41D49EAF7008773AB /* Supporting Files */,
			);
			path = UITools;
			sourceTree = "<group>";
		};
		6D7A63C41D49EAF7008773AB /* Supporting Files */ = {
			isa = PBXGroup;
			children = (
				6D7A63FE1D49F73E008773AB /* UITools-Bridging-Header.h */,
				6D7A63C81D49EAF7008773AB /* AppDelegate.m */,
				6D7A63D51D49EAF7008773AB /* Info.plist */,
				6D7A63C71D49EAF7008773AB /* AppDelegate.h */,
				6D7A63D21D49EAF7008773AB /* LaunchScreen.storyboard */,
				6D7A63D01D49EAF7008773AB /* Assets.xcassets */,
				6D7A63CD1D49EAF7008773AB /* Main.storyboard */,
				6D7A63C51D49EAF7008773AB /* main.m */,
			);
			name = "Supporting Files";
			sourceTree = "<group>";
		};
		6D7A63DB1D49F5CF008773AB /* libs */ = {
			isa = PBXGroup;
			children = (
				6D283E821D4F26D700DB0E49 /* PhotoBrowser */,
				6D283DBC1D4B5E6100DB0E49 /* Database */,
				6D283DB91D4B5D5800DB0E49 /* EasyUITools */,
				6D283D981D4B221500DB0E49 /* AblumOperations */,
				6D283D721D4B0ADD00DB0E49 /* AlertHintTips */,
				6D283D441D4B0A1200DB0E49 /* Share */,
				6D283D3A1D4B093000DB0E49 /* PropertyExtension */,
			);
			name = libs;
			sourceTree = "<group>";
		};
		6D7A64A61D4A06AE008773AB /* SystemFrameWork */ = {
			isa = PBXGroup;
			children = (
				6D7A649C1D4A05D5008773AB /* CoreTelephony.framework */,
				6D7A649E1D4A060D008773AB /* libsqlite3.tbd */,
				6D7A64A01D4A0677008773AB /* libc++.tbd */,
				6D7A64A21D4A067E008773AB /* libz.tbd */,
				6D7A64A41D4A0685008773AB /* SystemConfiguration.framework */,
			);
			name = SystemFrameWork;
			sourceTree = "<group>";
		};
		804AAE98B19CB9B7EAEF660C /* Frameworks */ = {
			isa = PBXGroup;
			children = (
				DCFDCCEF1F11AAE16181C286 /* Pods_UITools.framework */,
			);
			name = Frameworks;
			sourceTree = "<group>";
		};
		81BDFEEE58D5CAD5A149FB83 /* Pods */ = {
			isa = PBXGroup;
			children = (
				6E54F308EFD6C26DCCA01C58 /* Pods-UITools.debug.xcconfig */,
				81D96C09200658153554566E /* Pods-UITools.release.xcconfig */,
			);
			name = Pods;
			sourceTree = "<group>";
		};
/* End PBXGroup section */

/* Begin PBXNativeTarget section */
		6D7A63C01D49EAF7008773AB /* UITools */ = {
			isa = PBXNativeTarget;
			buildConfigurationList = 6D7A63D81D49EAF7008773AB /* Build configuration list for PBXNativeTarget "UITools" */;
			buildPhases = (
				4E3E6D29C9EEAE6A632F62B7 /* [CP] Check Pods Manifest.lock */,
				6D7A63BD1D49EAF7008773AB /* Sources */,
				6D7A63BE1D49EAF7008773AB /* Frameworks */,
				6D7A63BF1D49EAF7008773AB /* Resources */,
				78CD546AF960D6437582EFDD /* [CP] Embed Pods Frameworks */,
				BA902297B1BF49D88149E4D0 /* [CP] Copy Pods Resources */,
			);
			buildRules = (
			);
			dependencies = (
			);
			name = UITools;
			productName = UITools;
			productReference = 6D7A63C11D49EAF7008773AB /* UITools.app */;
			productType = "com.apple.product-type.application";
		};
/* End PBXNativeTarget section */

/* Begin PBXProject section */
		6D7A63B91D49EAF7008773AB /* Project object */ = {
			isa = PBXProject;
			attributes = {
				LastUpgradeCheck = 0730;
				ORGANIZATIONNAME = "jiao qing";
				TargetAttributes = {
					6D7A63C01D49EAF7008773AB = {
						CreatedOnToolsVersion = 7.3.1;
					};
				};
			};
			buildConfigurationList = 6D7A63BC1D49EAF7008773AB /* Build configuration list for PBXProject "UITools" */;
			compatibilityVersion = "Xcode 3.2";
			developmentRegion = English;
			hasScannedForEncodings = 0;
			knownRegions = (
				en,
				Base,
			);
			mainGroup = 6D7A63B81D49EAF7008773AB;
			productRefGroup = 6D7A63C21D49EAF7008773AB /* Products */;
			projectDirPath = "";
			projectRoot = "";
			targets = (
				6D7A63C01D49EAF7008773AB /* UITools */,
			);
		};
/* End PBXProject section */

/* Begin PBXResourcesBuildPhase section */
		6D7A63BF1D49EAF7008773AB /* Resources */ = {
			isa = PBXResourcesBuildPhase;
			buildActionMask = 2147483647;
			files = (
				6D283D931D4B218000DB0E49 /* LICENCE.txt in Resources */,
				6D7A63D41D49EAF7008773AB /* LaunchScreen.storyboard in Resources */,
				6D283F9E1D506F3D00DB0E49 /* LICENSE in Resources */,
				6D7A63D11D49EAF7008773AB /* Assets.xcassets in Resources */,
				6D283D901D4B218000DB0E49 /* LICENSE in Resources */,
				6D283E9E1D4F26D700DB0E49 /* ItemCell.xib in Resources */,
				6D283D971D4B218000DB0E49 /* README.txt in Resources */,
				6D7A63CF1D49EAF7008773AB /* Main.storyboard in Resources */,
			);
			runOnlyForDeploymentPostprocessing = 0;
		};
/* End PBXResourcesBuildPhase section */

/* Begin PBXShellScriptBuildPhase section */
		4E3E6D29C9EEAE6A632F62B7 /* [CP] Check Pods Manifest.lock */ = {
			isa = PBXShellScriptBuildPhase;
			buildActionMask = 2147483647;
			files = (
			);
			inputPaths = (
			);
			name = "[CP] Check Pods Manifest.lock";
			outputPaths = (
			);
			runOnlyForDeploymentPostprocessing = 0;
			shellPath = /bin/sh;
			shellScript = "diff \"${PODS_ROOT}/../Podfile.lock\" \"${PODS_ROOT}/Manifest.lock\" > /dev/null\nif [[ $? != 0 ]] ; then\n    cat << EOM\nerror: The sandbox is not in sync with the Podfile.lock. Run 'pod install' or update your CocoaPods installation.\nEOM\n    exit 1\nfi\n";
			showEnvVarsInLog = 0;
		};
		78CD546AF960D6437582EFDD /* [CP] Embed Pods Frameworks */ = {
			isa = PBXShellScriptBuildPhase;
			buildActionMask = 2147483647;
			files = (
			);
			inputPaths = (
			);
			name = "[CP] Embed Pods Frameworks";
			outputPaths = (
			);
			runOnlyForDeploymentPostprocessing = 0;
			shellPath = /bin/sh;
			shellScript = "\"${SRCROOT}/Pods/Target Support Files/Pods-UITools/Pods-UITools-frameworks.sh\"\n";
			showEnvVarsInLog = 0;
		};
		BA902297B1BF49D88149E4D0 /* [CP] Copy Pods Resources */ = {
			isa = PBXShellScriptBuildPhase;
			buildActionMask = 2147483647;
			files = (
			);
			inputPaths = (
			);
			name = "[CP] Copy Pods Resources";
			outputPaths = (
			);
			runOnlyForDeploymentPostprocessing = 0;
			shellPath = /bin/sh;
			shellScript = "\"${SRCROOT}/Pods/Target Support Files/Pods-UITools/Pods-UITools-resources.sh\"\n";
			showEnvVarsInLog = 0;
		};
/* End PBXShellScriptBuildPhase section */

/* Begin PBXSourcesBuildPhase section */
		6D7A63BD1D49EAF7008773AB /* Sources */ = {
			isa = PBXSourcesBuildPhase;
			buildActionMask = 2147483647;
			files = (
				6D7A63C91D49EAF7008773AB /* AppDelegate.m in Sources */,
				6D283F101D4F285100DB0E49 /* NVActivityIndicatorAnimationBallSpinFadeLoader.swift in Sources */,
				6D283D5C1D4B0A1200DB0E49 /* DJInstagramShareEntry.m in Sources */,
				6D283D5A1D4B0A1200DB0E49 /* DJCopyURLShareEntry.m in Sources */,
				6D283F161D4F285100DB0E49 /* NVActivityIndicatorAnimationLineScale.swift in Sources */,
				6D283DA51D4B2B1600DB0E49 /* DJWarningBanner.m in Sources */,
				6D283D771D4B0ADD00DB0E49 /* TutorialWindow.swift in Sources */,
				6D43FE171D52E0A8008A1FC7 /* DJAlertView.m in Sources */,
				6D283EFB1D4F285100DB0E49 /* EdgeInsets.swift in Sources */,
				6D283D611D4B0A1200DB0E49 /* DJWhatsappEntry.m in Sources */,
				6D283F951D50381200DB0E49 /* WaterfallCollectionView.swift in Sources */,
				6D283F0D1D4F285100DB0E49 /* NVActivityIndicatorAnimationBallScaleMultiple.swift in Sources */,
				6D283F1F1D4F285100DB0E49 /* NVActivityIndicatorAnimationDelegate.swift in Sources */,
				6D283D5D1D4B0A1200DB0E49 /* DJSaveImageShareEntry.m in Sources */,
				6D283E9A1D4F26D700DB0E49 /* PhotoBrowser.swift in Sources */,
				6D283F081D4F285100DB0E49 /* NVActivityIndicatorAnimationBallPulseRise.swift in Sources */,
				6D283F9D1D506F3D00DB0E49 /* CHTCollectionViewWaterfallLayout.m in Sources */,
				6D283F001D4F285100DB0E49 /* ViewController+SnapKit.swift in Sources */,
				6D283F1A1D4F285100DB0E49 /* NVActivityIndicatorAnimationLineSpinFadeLoader.swift in Sources */,
				6D283F9F1D506F3D00DB0E49 /* README.md in Sources */,
				6D283D951D4B218000DB0E49 /* README.md in Sources */,
				6D283D9B1D4B221500DB0E49 /* DJAblumOperation.m in Sources */,
				6D283DD41D4B5EAD00DB0E49 /* FMResultSet.m in Sources */,
				6D283D5B1D4B0A1200DB0E49 /* DJFBShareEntry.m in Sources */,
				6D283E981D4F26D700DB0E49 /* Layout.swift in Sources */,
				6D283F191D4F285100DB0E49 /* NVActivityIndicatorAnimationLineScalePulseOutRapid.swift in Sources */,
				6D283E9F1D4F26D700DB0E49 /* ShowImageView.swift in Sources */,
				6D43FE311D52ED06008A1FC7 /* UILabel+FormattedText.swift in Sources */,
				6D283D921D4B218000DB0E49 /* README.mdown in Sources */,
				6D283F151D4F285100DB0E49 /* NVActivityIndicatorAnimationCubeTransition.swift in Sources */,
				6D283D5F1D4B0A1200DB0E49 /* DJShareWindow.m in Sources */,
				6D283D431D4B099C00DB0E49 /* UIView+Mozat.m in Sources */,
				6D283EFF1D4F285100DB0E49 /* View+SnapKit.swift in Sources */,
				6D7A64001D49F73E008773AB /* MainViewController.swift in Sources */,
				6D283EF51D4F285100DB0E49 /* ConstraintAttributes.swift in Sources */,
				6D7A64AB1D4A09E4008773AB /* NSString+Mozat.m in Sources */,
				6D43FE391D52F4C6008A1FC7 /* ScrollableBannerView.swift in Sources */,
				6D283F211D4F285100DB0E49 /* NVActivityIndicatorView.swift in Sources */,
				6D283E941D4F26D700DB0E49 /* PhotoBrowser+Common.swift in Sources */,
				6D283D621D4B0A1200DB0E49 /* DJWXShareEntry.m in Sources */,
				6D283EFA1D4F285100DB0E49 /* Debugging.swift in Sources */,
				6D283F071D4F285100DB0E49 /* NVActivityIndicatorAnimationBallPulse.swift in Sources */,
				6D283DD21D4B5EAD00DB0E49 /* FMDatabasePool.m in Sources */,
				6D283D361D4B062C00DB0E49 /* AllTipsViewController.swift in Sources */,
				6D283D911D4B218000DB0E49 /* MBProgressHUD.m in Sources */,
				6D283F1C1D4F285100DB0E49 /* NVActivityIndicatorAnimationSemiCircleSpin.swift in Sources */,
				6D283F111D4F285100DB0E49 /* NVActivityIndicatorAnimationBallTrianglePath.swift in Sources */,
				6D283F8E1D4F569E00DB0E49 /* DJRefreshView.m in Sources */,
				6D283F0A1D4F285100DB0E49 /* NVActivityIndicatorAnimationBallRotate.swift in Sources */,
				6D43FE2D1D52ED06008A1FC7 /* CALayer+Mozat.m in Sources */,
				6D283FA11D506FB800DB0E49 /* ViewExtensions.swift in Sources */,
				6D283FA51D508D9900DB0E49 /* CollectionViewController.swift in Sources */,
				6D283F1D1D4F285100DB0E49 /* NVActivityIndicatorAnimationSquareSpin.swift in Sources */,
				6D283D5E1D4B0A1200DB0E49 /* DJShareEntry.m in Sources */,
				6D7A63C61D49EAF7008773AB /* main.m in Sources */,
				6D43FE341D52EE65008A1FC7 /* DJTutorialView.m in Sources */,
				6D283DD01D4B5EAD00DB0E49 /* FMDatabase.m in Sources */,
				6D43FE181D52E0A8008A1FC7 /* DJAlertView+Block.m in Sources */,
				6D283DA21D4B2ABF00DB0E49 /* UITips.m in Sources */,
				6D283EF81D4F285100DB0E49 /* ConstraintMaker.swift in Sources */,
				6D283D941D4B218000DB0E49 /* Reachability.m in Sources */,
				6D283EFE1D4F285100DB0E49 /* SourceLocation.swift in Sources */,
				6D283DD11D4B5EAD00DB0E49 /* FMDatabaseAdditions.m in Sources */,
				6D283E971D4F26D700DB0E49 /* PhotoBrowser+PBType.swift in Sources */,
				6D283F891D4F32CC00DB0E49 /* DropMenuView.swift in Sources */,
				6D283F121D4F285100DB0E49 /* NVActivityIndicatorAnimationBallZigZag.swift in Sources */,
				6D283DD51D4B5EAD00DB0E49 /* FMDatabaseAdditionsVariadic.swift in Sources */,
				6D283F1B1D4F285100DB0E49 /* NVActivityIndicatorAnimationPacman.swift in Sources */,
				6D43FE0A1D51FC49008A1FC7 /* DJReminderBannerView.m in Sources */,
				6D283F011D4F285100DB0E49 /* NVActivityIndicatorAnimationBallBeat.swift in Sources */,
				6D283D761D4B0ADD00DB0E49 /* MBProgressHUD+ShowTextHUD.m in Sources */,
				6D283F041D4F285100DB0E49 /* NVActivityIndicatorAnimationBallClipRotatePulse.swift in Sources */,
				6D43FE101D52DB24008A1FC7 /* DJRangeSilderView.swift in Sources */,
				6D283F051D4F285100DB0E49 /* NVActivityIndicatorAnimationBallGridBeat.swift in Sources */,
				6D283F171D4F285100DB0E49 /* NVActivityIndicatorAnimationLineScaleParty.swift in Sources */,
				6D283F091D4F285100DB0E49 /* NVActivityIndicatorAnimationBallPulseSync.swift in Sources */,
				6D283E961D4F26D700DB0E49 /* PhotoBrowser+Indicator.swift in Sources */,
				6D283EF31D4F285100DB0E49 /* CFSnapKit.swift in Sources */,
				6D283F021D4F285100DB0E49 /* NVActivityIndicatorAnimationBallClipRotate.swift in Sources */,
				6D283EFD1D4F285100DB0E49 /* SnapKit.swift in Sources */,
				6D283F931D50375E00DB0E49 /* UIView+DJAnimation.m in Sources */,
				6D283E991D4F26D700DB0E49 /* PhotoBrowser+Model.swift in Sources */,
				6D283F131D4F285100DB0E49 /* NVActivityIndicatorAnimationBallZigZagDeflect.swift in Sources */,
				6D43FE301D52ED06008A1FC7 /* UIImage+Alpha.swift in Sources */,
				6D283F0B1D4F285100DB0E49 /* NVActivityIndicatorAnimationBallRotateChase.swift in Sources */,
				6D283F141D4F285100DB0E49 /* NVActivityIndicatorAnimationBlank.swift in Sources */,
				6D283F201D4F285100DB0E49 /* NVActivityIndicatorShape.swift in Sources */,
				6D283EFC1D4F285100DB0E49 /* LayoutConstraint.swift in Sources */,
				6D283F181D4F285100DB0E49 /* NVActivityIndicatorAnimationLineScalePulseOut.swift in Sources */,
				6D283D401D4B098200DB0E49 /* UIColor+MOAdditions.m in Sources */,
				6D283D601D4B0A1200DB0E49 /* DJTwitterShareEntry.m in Sources */,
				6D283EF61D4F285100DB0E49 /* ConstraintDescription.swift in Sources */,
				6D283E9B1D4F26D700DB0E49 /* CollectionView.swift in Sources */,
				6D283DBB1D4B5D5800DB0E49 /* KeyboardMonitor.swift in Sources */,
				6D43FE2F1D52ED06008A1FC7 /* UIFont+MOAdditions.m in Sources */,
				6D43FE3D1D52FB08008A1FC7 /* ScrollableCategoryView.swift in Sources */,
				6D283F061D4F285100DB0E49 /* NVActivityIndicatorAnimationBallGridPulse.swift in Sources */,
				6D283D3F1D4B098200DB0E49 /* DJFont.m in Sources */,
				6D283F031D4F285100DB0E49 /* NVActivityIndicatorAnimationBallClipRotateMultiple.swift in Sources */,
				6D283DBF1D4B5E6100DB0E49 /* DatabaseUtil.swift in Sources */,
				6D283E9D1D4F26D700DB0E49 /* ItemCell.swift in Sources */,
				6D283F0E1D4F285100DB0E49 /* NVActivityIndicatorAnimationBallScaleRipple.swift in Sources */,
				6D283EF91D4F285100DB0E49 /* ConstraintRelation.swift in Sources */,
				6D283EF71D4F285100DB0E49 /* ConstraintItem.swift in Sources */,
				6D43FE1B1D52E188008A1FC7 /* UIImage+Mozat.m in Sources */,
				6D283E951D4F26D700DB0E49 /* PhotoBrowser+HUD.swift in Sources */,
				6D43FE2E1D52ED06008A1FC7 /* UIBarButtonItem+HighlightImage.m in Sources */,
				6D283DD31D4B5EAD00DB0E49 /* FMDatabaseQueue.m in Sources */,
				6D7A64AE1D4A0A23008773AB /* UIApplication+Mozat.m in Sources */,
				6D283F1E1D4F285100DB0E49 /* NVActivityIndicatorAnimationTriangleSkewSpin.swift in Sources */,
				6D283DC01D4B5E6100DB0E49 /* BlockDatabase.swift in Sources */,
				6D283DD61D4B5EAD00DB0E49 /* FMDatabaseVariadic.swift in Sources */,
				6D283EF41D4F285100DB0E49 /* Constraint.swift in Sources */,
				6D283F0F1D4F285100DB0E49 /* NVActivityIndicatorAnimationBallScaleRippleMultiple.swift in Sources */,
				6D283E9C1D4F26D700DB0E49 /* DisplayView.swift in Sources */,
				6D283F0C1D4F285100DB0E49 /* NVActivityIndicatorAnimationBallScale.swift in Sources */,
			);
			runOnlyForDeploymentPostprocessing = 0;
		};
/* End PBXSourcesBuildPhase section */

/* Begin PBXVariantGroup section */
		6D7A63CD1D49EAF7008773AB /* Main.storyboard */ = {
			isa = PBXVariantGroup;
			children = (
				6D7A63CE1D49EAF7008773AB /* Base */,
			);
			name = Main.storyboard;
			sourceTree = "<group>";
		};
		6D7A63D21D49EAF7008773AB /* LaunchScreen.storyboard */ = {
			isa = PBXVariantGroup;
			children = (
				6D7A63D31D49EAF7008773AB /* Base */,
			);
			name = LaunchScreen.storyboard;
			sourceTree = "<group>";
		};
/* End PBXVariantGroup section */

/* Begin XCBuildConfiguration section */
		6D7A63D61D49EAF7008773AB /* Debug */ = {
			isa = XCBuildConfiguration;
			buildSettings = {
				ALWAYS_SEARCH_USER_PATHS = NO;
				CLANG_ANALYZER_NONNULL = YES;
				CLANG_CXX_LANGUAGE_STANDARD = "gnu++0x";
				CLANG_CXX_LIBRARY = "libc++";
				CLANG_ENABLE_MODULES = YES;
				CLANG_ENABLE_OBJC_ARC = YES;
				CLANG_WARN_BOOL_CONVERSION = YES;
				CLANG_WARN_CONSTANT_CONVERSION = YES;
				CLANG_WARN_DIRECT_OBJC_ISA_USAGE = YES_ERROR;
				CLANG_WARN_EMPTY_BODY = YES;
				CLANG_WARN_ENUM_CONVERSION = YES;
				CLANG_WARN_INT_CONVERSION = YES;
				CLANG_WARN_OBJC_ROOT_CLASS = YES_ERROR;
				CLANG_WARN_UNREACHABLE_CODE = YES;
				CLANG_WARN__DUPLICATE_METHOD_MATCH = YES;
				"CODE_SIGN_IDENTITY[sdk=iphoneos*]" = "iPhone Developer";
				COPY_PHASE_STRIP = NO;
				DEBUG_INFORMATION_FORMAT = dwarf;
				ENABLE_STRICT_OBJC_MSGSEND = YES;
				ENABLE_TESTABILITY = YES;
				GCC_C_LANGUAGE_STANDARD = gnu99;
				GCC_DYNAMIC_NO_PIC = NO;
				GCC_NO_COMMON_BLOCKS = YES;
				GCC_OPTIMIZATION_LEVEL = 0;
				GCC_PREPROCESSOR_DEFINITIONS = (
					"DEBUG=1",
					"$(inherited)",
				);
				GCC_WARN_64_TO_32_BIT_CONVERSION = YES;
				GCC_WARN_ABOUT_RETURN_TYPE = YES_ERROR;
				GCC_WARN_UNDECLARED_SELECTOR = YES;
				GCC_WARN_UNINITIALIZED_AUTOS = YES_AGGRESSIVE;
				GCC_WARN_UNUSED_FUNCTION = YES;
				GCC_WARN_UNUSED_VARIABLE = YES;
				IPHONEOS_DEPLOYMENT_TARGET = 9.3;
				MTL_ENABLE_DEBUG_INFO = YES;
				ONLY_ACTIVE_ARCH = YES;
				SDKROOT = iphoneos;
				TARGETED_DEVICE_FAMILY = "1,2";
			};
			name = Debug;
		};
		6D7A63D71D49EAF7008773AB /* Release */ = {
			isa = XCBuildConfiguration;
			buildSettings = {
				ALWAYS_SEARCH_USER_PATHS = NO;
				CLANG_ANALYZER_NONNULL = YES;
				CLANG_CXX_LANGUAGE_STANDARD = "gnu++0x";
				CLANG_CXX_LIBRARY = "libc++";
				CLANG_ENABLE_MODULES = YES;
				CLANG_ENABLE_OBJC_ARC = YES;
				CLANG_WARN_BOOL_CONVERSION = YES;
				CLANG_WARN_CONSTANT_CONVERSION = YES;
				CLANG_WARN_DIRECT_OBJC_ISA_USAGE = YES_ERROR;
				CLANG_WARN_EMPTY_BODY = YES;
				CLANG_WARN_ENUM_CONVERSION = YES;
				CLANG_WARN_INT_CONVERSION = YES;
				CLANG_WARN_OBJC_ROOT_CLASS = YES_ERROR;
				CLANG_WARN_UNREACHABLE_CODE = YES;
				CLANG_WARN__DUPLICATE_METHOD_MATCH = YES;
				"CODE_SIGN_IDENTITY[sdk=iphoneos*]" = "iPhone Developer";
				COPY_PHASE_STRIP = NO;
				DEBUG_INFORMATION_FORMAT = "dwarf-with-dsym";
				ENABLE_NS_ASSERTIONS = NO;
				ENABLE_STRICT_OBJC_MSGSEND = YES;
				GCC_C_LANGUAGE_STANDARD = gnu99;
				GCC_NO_COMMON_BLOCKS = YES;
				GCC_WARN_64_TO_32_BIT_CONVERSION = YES;
				GCC_WARN_ABOUT_RETURN_TYPE = YES_ERROR;
				GCC_WARN_UNDECLARED_SELECTOR = YES;
				GCC_WARN_UNINITIALIZED_AUTOS = YES_AGGRESSIVE;
				GCC_WARN_UNUSED_FUNCTION = YES;
				GCC_WARN_UNUSED_VARIABLE = YES;
				IPHONEOS_DEPLOYMENT_TARGET = 9.3;
				MTL_ENABLE_DEBUG_INFO = NO;
				SDKROOT = iphoneos;
				TARGETED_DEVICE_FAMILY = "1,2";
				VALIDATE_PRODUCT = YES;
			};
			name = Release;
		};
		6D7A63D91D49EAF7008773AB /* Debug */ = {
			isa = XCBuildConfiguration;
			baseConfigurationReference = 6E54F308EFD6C26DCCA01C58 /* Pods-UITools.debug.xcconfig */;
			buildSettings = {
				ASSETCATALOG_COMPILER_APPICON_NAME = AppIcon;
				CLANG_ENABLE_MODULES = YES;
				FRAMEWORK_SEARCH_PATHS = (
					"$(inherited)",
					"$(PROJECT_DIR)/UITools/Facebook",
					"$(PROJECT_DIR)/UITools/3rdLibs/Facebook",
				);
				INFOPLIST_FILE = UITools/Info.plist;
				LD_RUNPATH_SEARCH_PATHS = "$(inherited) @executable_path/Frameworks";
				LIBRARY_SEARCH_PATHS = (
					"$(inherited)",
					"$(PROJECT_DIR)/UITools/weixin_openSDK1.7.2",
					"$(PROJECT_DIR)/UITools/3rdLibs/weixin_openSDK1.7.2",
				);
				PRODUCT_BUNDLE_IDENTIFIER = Mozat.UITools;
				PRODUCT_NAME = "$(TARGET_NAME)";
				SWIFT_OBJC_BRIDGING_HEADER = "UITools/UITools-Bridging-Header.h";
				SWIFT_OPTIMIZATION_LEVEL = "-Onone";
			};
			name = Debug;
		};
		6D7A63DA1D49EAF7008773AB /* Release */ = {
			isa = XCBuildConfiguration;
			baseConfigurationReference = 81D96C09200658153554566E /* Pods-UITools.release.xcconfig */;
			buildSettings = {
				ASSETCATALOG_COMPILER_APPICON_NAME = AppIcon;
				CLANG_ENABLE_MODULES = YES;
				FRAMEWORK_SEARCH_PATHS = (
					"$(inherited)",
					"$(PROJECT_DIR)/UITools/Facebook",
					"$(PROJECT_DIR)/UITools/3rdLibs/Facebook",
				);
				INFOPLIST_FILE = UITools/Info.plist;
				LD_RUNPATH_SEARCH_PATHS = "$(inherited) @executable_path/Frameworks";
				LIBRARY_SEARCH_PATHS = (
					"$(inherited)",
					"$(PROJECT_DIR)/UITools/weixin_openSDK1.7.2",
					"$(PROJECT_DIR)/UITools/3rdLibs/weixin_openSDK1.7.2",
				);
				PRODUCT_BUNDLE_IDENTIFIER = Mozat.UITools;
				PRODUCT_NAME = "$(TARGET_NAME)";
				SWIFT_OBJC_BRIDGING_HEADER = "UITools/UITools-Bridging-Header.h";
			};
			name = Release;
		};
/* End XCBuildConfiguration section */

/* Begin XCConfigurationList section */
		6D7A63BC1D49EAF7008773AB /* Build configuration list for PBXProject "UITools" */ = {
			isa = XCConfigurationList;
			buildConfigurations = (
				6D7A63D61D49EAF7008773AB /* Debug */,
				6D7A63D71D49EAF7008773AB /* Release */,
			);
			defaultConfigurationIsVisible = 0;
			defaultConfigurationName = Release;
		};
		6D7A63D81D49EAF7008773AB /* Build configuration list for PBXNativeTarget "UITools" */ = {
			isa = XCConfigurationList;
			buildConfigurations = (
				6D7A63D91D49EAF7008773AB /* Debug */,
				6D7A63DA1D49EAF7008773AB /* Release */,
			);
			defaultConfigurationIsVisible = 0;
			defaultConfigurationName = Release;
		};
/* End XCConfigurationList section */
	};
	rootObject = 6D7A63B91D49EAF7008773AB /* Project object */;
}
